PODS:
  - 66Barrage (0.0.2)
  - DateTools (1.7.0)
  - GPUImage (0.1.7)
  - Masonry (0.6.4)
  - pop (1.0.9)
  - RealReachability (1.1.1)
  - YYCategories (1.0.2):
    - YYCategories/no-arc (= 1.0.2)
  - YYCategories/no-arc (1.0.2)
  - YYImage (1.0.1):
    - YYImage/Core (= 1.0.1)
  - YYImage/Core (1.0.1)

DEPENDENCIES:
  - 66Barrage
  - DateTools
  - GPUImage (~> 0.1.7)
  - Masonry
  - pop (~> 1.0)
  - RealReachability (~> 1.1.1)
  - YYCategories
  - YYImage

SPEC CHECKSUMS:
  66Barrage: a80cfb36a8d87ad108c49d5fe65744b52134e88d
  DateTools: 53288ee8b905fdc75897a1e6b5cc0144b14cba60
  GPUImage: 733a5f0fab92df9de1c37ba9df520a833ccb406d
  Masonry: 281802d04d787ea2973179ee8bcb50500579ede2
  pop: f667631a5108a2e60d9e8797c9b32ddaf2080bce
  RealReachability: 0b0f7d686a75466680d452d3fad00e1a1388b923
  YYCategories: 7319e4ba4f4d4dbcec0094abaab540e98f04a65f
  YYImage: b41b45bc5f32bfcdf67bdfb9c09da9e9832357c0

PODFILE CHECKSUM: e63cce6c3abee2485c8d454192e5ff5cef40c869

COCOAPODS: 1.0.1
