// !$*UTF8*$!
{
	archiveVersion = 1;
	classes = {
	};
	objectVersion = 46;
	objects = {

/* Begin PBXBuildFile section */
		5310A1E5D5E3A7DBDADFFC07 /* libPods-TestKVC_CoreDataTests.a in Frameworks */ = {isa = PBXBuildFile; fileRef = F40ACE2C612CB9FB757926B2 /* libPods-TestKVC_CoreDataTests.a */; };
		5358C93571CBCBF0505BF117 /* libPods-TestKVC_CoreData.a in Frameworks */ = {isa = PBXBuildFile; fileRef = CBC0AB6CC0048585FADDE1AA /* libPods-TestKVC_CoreData.a */; };
		746ACDD41C7FE92500803FF9 /* PropeScroViewViewController.m in Sources */ = {isa = PBXBuildFile; fileRef = 746ACDD31C7FE92500803FF9 /* PropeScroViewViewController.m */; };
		746ACDD71C7FFA4800803FF9 /* PropeTableViewViewController.m in Sources */ = {isa = PBXBuildFile; fileRef = 746ACDD61C7FFA4800803FF9 /* PropeTableViewViewController.m */; };
		748C19441CA1281B0003D172 /* TransitionsViewController.m in Sources */ = {isa = PBXBuildFile; fileRef = 748C19431CA1281B0003D172 /* TransitionsViewController.m */; };
		748C19471CA12C290003D172 /* ModelViewController.m in Sources */ = {isa = PBXBuildFile; fileRef = 748C19461CA12C290003D172 /* ModelViewController.m */; };
		748C194A1CA1315D0003D172 /* TransitionModel.m in Sources */ = {isa = PBXBuildFile; fileRef = 748C19491CA1315D0003D172 /* TransitionModel.m */; };
		749025011C858EA800DDE102 /* TestThreadViewController.m in Sources */ = {isa = PBXBuildFile; fileRef = 749025001C858EA800DDE102 /* TestThreadViewController.m */; };
		7495A9DA1C925E6D005CD95B /* CoreAnimationViewController.m in Sources */ = {isa = PBXBuildFile; fileRef = 7495A9D91C925E6D005CD95B /* CoreAnimationViewController.m */; };
		7495A9DC1C9262F8005CD95B /* QuartzCore.framework in Frameworks */ = {isa = PBXBuildFile; fileRef = 7495A9DB1C9262F8005CD95B /* QuartzCore.framework */; };
		74B85CDB1C86C93000CEF778 /* CornerRadiusViewController.m in Sources */ = {isa = PBXBuildFile; fileRef = 74B85CDA1C86C93000CEF778 /* CornerRadiusViewController.m */; };
		74B85CDE1C86C9F100CEF778 /* CornerRadiusTableViewCell.m in Sources */ = {isa = PBXBuildFile; fileRef = 74B85CDD1C86C9F100CEF778 /* CornerRadiusTableViewCell.m */; };
		8704122E1D190BA700E96D56 /* WelcormeViewController.m in Sources */ = {isa = PBXBuildFile; fileRef = 8704122D1D190BA700E96D56 /* WelcormeViewController.m */; };
		870412321D190CB400E96D56 /* AnimationView.m in Sources */ = {isa = PBXBuildFile; fileRef = 870412311D190CB400E96D56 /* AnimationView.m */; };
		870412361D19154300E96D56 /* CycleLayer.m in Sources */ = {isa = PBXBuildFile; fileRef = 870412351D19154300E96D56 /* CycleLayer.m */; };
		870412391D1917FB00E96D56 /* UIColor+Hex.m in Sources */ = {isa = PBXBuildFile; fileRef = 870412381D1917FB00E96D56 /* UIColor+Hex.m */; };
		8704123C1D19217F00E96D56 /* TriangleLayer.m in Sources */ = {isa = PBXBuildFile; fileRef = 8704123B1D19217F00E96D56 /* TriangleLayer.m */; };
		8704123F1D19293400E96D56 /* RectangleLayer.m in Sources */ = {isa = PBXBuildFile; fileRef = 8704123E1D19293400E96D56 /* RectangleLayer.m */; };
		870412421D192B3200E96D56 /* WaveLayer.m in Sources */ = {isa = PBXBuildFile; fileRef = 870412411D192B3200E96D56 /* WaveLayer.m */; };
		871D92A71CD851BC009DF42C /* GJFiltersViewController.m in Sources */ = {isa = PBXBuildFile; fileRef = 871D92A61CD851BC009DF42C /* GJFiltersViewController.m */; };
		871D92AC1CD897E3009DF42C /* Shader1.fsh in Resources */ = {isa = PBXBuildFile; fileRef = 871D92AB1CD897E3009DF42C /* Shader1.fsh */; };
		872AA3CD1CDA0C2E009988DC /* shader.vsh in Resources */ = {isa = PBXBuildFile; fileRef = 872AA3CC1CDA0C2E009988DC /* shader.vsh */; };
		872BA6FC1CF2EACA00006CE1 /* LocalNotificationViewController.m in Sources */ = {isa = PBXBuildFile; fileRef = 872BA6FB1CF2EACA00006CE1 /* LocalNotificationViewController.m */; };
		878032431CDB337200278B85 /* InstagramViewController.m in Sources */ = {isa = PBXBuildFile; fileRef = 878032421CDB337200278B85 /* InstagramViewController.m */; };
		87DD2B9C1CCF0BA8005FA670 /* GJ_AnimationViewController.m in Sources */ = {isa = PBXBuildFile; fileRef = 87DD2B9B1CCF0BA8005FA670 /* GJ_AnimationViewController.m */; };
		87DD2B9F1CCF0D70005FA670 /* GJ_TransitionViewController.m in Sources */ = {isa = PBXBuildFile; fileRef = 87DD2B9E1CCF0D70005FA670 /* GJ_TransitionViewController.m */; };
		87DD2BA21CCF16C7005FA670 /* GJTransitionModel.m in Sources */ = {isa = PBXBuildFile; fileRef = 87DD2BA11CCF16C7005FA670 /* GJTransitionModel.m */; };
		87E42BD51CDAEF7D0018F3CA /* GPUImageFiveInputFilter.m in Sources */ = {isa = PBXBuildFile; fileRef = 87E42BD01CDAEF7D0018F3CA /* GPUImageFiveInputFilter.m */; };
		87E42BD61CDAEF7D0018F3CA /* GPUImageFourInputFilter.m in Sources */ = {isa = PBXBuildFile; fileRef = 87E42BD21CDAEF7D0018F3CA /* GPUImageFourInputFilter.m */; };
		87E42BD71CDAEF7D0018F3CA /* GPUImageSixInputFilter.m in Sources */ = {isa = PBXBuildFile; fileRef = 87E42BD41CDAEF7D0018F3CA /* GPUImageSixInputFilter.m */; };
		87E42C011CDAF2E30018F3CA /* GPUImage.InstagramFilter.bundle in Resources */ = {isa = PBXBuildFile; fileRef = 87E42BD81CDAF2E30018F3CA /* GPUImage.InstagramFilter.bundle */; };
		87E42C021CDAF2E30018F3CA /* IF1977Filter.m in Sources */ = {isa = PBXBuildFile; fileRef = 87E42BDA1CDAF2E30018F3CA /* IF1977Filter.m */; };
		87E42C031CDAF2E30018F3CA /* IFAmaroFilter.m in Sources */ = {isa = PBXBuildFile; fileRef = 87E42BDC1CDAF2E30018F3CA /* IFAmaroFilter.m */; };
		87E42C041CDAF2E30018F3CA /* IFBrannanFilter.m in Sources */ = {isa = PBXBuildFile; fileRef = 87E42BDE1CDAF2E30018F3CA /* IFBrannanFilter.m */; };
		87E42C051CDAF2E30018F3CA /* IFEarlybirdFilter.m in Sources */ = {isa = PBXBuildFile; fileRef = 87E42BE01CDAF2E30018F3CA /* IFEarlybirdFilter.m */; };
		87E42C061CDAF2E30018F3CA /* IFHefeFilter.m in Sources */ = {isa = PBXBuildFile; fileRef = 87E42BE21CDAF2E30018F3CA /* IFHefeFilter.m */; };
		87E42C071CDAF2E30018F3CA /* IFHudsonFilter.m in Sources */ = {isa = PBXBuildFile; fileRef = 87E42BE41CDAF2E30018F3CA /* IFHudsonFilter.m */; };
		87E42C081CDAF2E30018F3CA /* IFImageFilter.m in Sources */ = {isa = PBXBuildFile; fileRef = 87E42BE61CDAF2E30018F3CA /* IFImageFilter.m */; };
		87E42C091CDAF2E30018F3CA /* IFInkwellFilter.m in Sources */ = {isa = PBXBuildFile; fileRef = 87E42BE81CDAF2E30018F3CA /* IFInkwellFilter.m */; };
		87E42C0A1CDAF2E30018F3CA /* IFLomofiFilter.m in Sources */ = {isa = PBXBuildFile; fileRef = 87E42BEA1CDAF2E30018F3CA /* IFLomofiFilter.m */; };
		87E42C0B1CDAF2E30018F3CA /* IFLordKelvinFilter.m in Sources */ = {isa = PBXBuildFile; fileRef = 87E42BEC1CDAF2E30018F3CA /* IFLordKelvinFilter.m */; };
		87E42C0C1CDAF2E30018F3CA /* IFNashvilleFilter.m in Sources */ = {isa = PBXBuildFile; fileRef = 87E42BEE1CDAF2E30018F3CA /* IFNashvilleFilter.m */; };
		87E42C0D1CDAF2E30018F3CA /* IFNormalFilter.m in Sources */ = {isa = PBXBuildFile; fileRef = 87E42BF01CDAF2E30018F3CA /* IFNormalFilter.m */; };
		87E42C0E1CDAF2E30018F3CA /* IFRiseFilter.m in Sources */ = {isa = PBXBuildFile; fileRef = 87E42BF21CDAF2E30018F3CA /* IFRiseFilter.m */; };
		87E42C0F1CDAF2E30018F3CA /* IFSierraFilter.m in Sources */ = {isa = PBXBuildFile; fileRef = 87E42BF41CDAF2E30018F3CA /* IFSierraFilter.m */; };
		87E42C101CDAF2E30018F3CA /* IFSutroFilter.m in Sources */ = {isa = PBXBuildFile; fileRef = 87E42BF61CDAF2E30018F3CA /* IFSutroFilter.m */; };
		87E42C111CDAF2E30018F3CA /* IFToasterFilter.m in Sources */ = {isa = PBXBuildFile; fileRef = 87E42BF81CDAF2E30018F3CA /* IFToasterFilter.m */; };
		87E42C121CDAF2E30018F3CA /* IFValenciaFilter.m in Sources */ = {isa = PBXBuildFile; fileRef = 87E42BFA1CDAF2E30018F3CA /* IFValenciaFilter.m */; };
		87E42C131CDAF2E30018F3CA /* IFWaldenFilter.m in Sources */ = {isa = PBXBuildFile; fileRef = 87E42BFC1CDAF2E30018F3CA /* IFWaldenFilter.m */; };
		87E42C141CDAF2E30018F3CA /* IFXproIIFilter.m in Sources */ = {isa = PBXBuildFile; fileRef = 87E42BFE1CDAF2E30018F3CA /* IFXproIIFilter.m */; };
		87E55B181CF5521C000C5EE4 /* ContentScrollView.m in Sources */ = {isa = PBXBuildFile; fileRef = 87E55B171CF5521C000C5EE4 /* ContentScrollView.m */; };
		87E55B1B1CF5524B000C5EE4 /* CommentScrollView.m in Sources */ = {isa = PBXBuildFile; fileRef = 87E55B1A1CF5524B000C5EE4 /* CommentScrollView.m */; };
		87E573201CF6A571005F78F2 /* LocalNotificationViewModel.m in Sources */ = {isa = PBXBuildFile; fileRef = 87E5731F1CF6A571005F78F2 /* LocalNotificationViewModel.m */; };
		87E83A901D265880000EB07F /* PictureEditorViewController.m in Sources */ = {isa = PBXBuildFile; fileRef = 87E83A8F1D265880000EB07F /* PictureEditorViewController.m */; };
		87E83A931D265A38000EB07F /* EditorView.m in Sources */ = {isa = PBXBuildFile; fileRef = 87E83A921D265A38000EB07F /* EditorView.m */; };
		87E83A991D2663B9000EB07F /* GCycleLayer.m in Sources */ = {isa = PBXBuildFile; fileRef = 87E83A981D2663B9000EB07F /* GCycleLayer.m */; };
		87E83A9C1D2663DB000EB07F /* GRectangleLayer.m in Sources */ = {isa = PBXBuildFile; fileRef = 87E83A9B1D2663DB000EB07F /* GRectangleLayer.m */; };
		87EEFECA1CF4382800A6A429 /* ScrollVIewViewController.m in Sources */ = {isa = PBXBuildFile; fileRef = 87EEFEC91CF4382800A6A429 /* ScrollVIewViewController.m */; };
		87EEFECD1CF4552900A6A429 /* firstScrollView.m in Sources */ = {isa = PBXBuildFile; fileRef = 87EEFECC1CF4552900A6A429 /* firstScrollView.m */; };
		87EEFED01CF4563800A6A429 /* SecondScrollView.m in Sources */ = {isa = PBXBuildFile; fileRef = 87EEFECF1CF4563800A6A429 /* SecondScrollView.m */; };
		87F847701CD9A297004FB431 /* shader.fsh in Resources */ = {isa = PBXBuildFile; fileRef = 87F8476F1CD9A297004FB431 /* shader.fsh */; };
		87F847721CD9A3CA004FB431 /* GPUImageCustomFilter.fsh in Resources */ = {isa = PBXBuildFile; fileRef = 87F847711CD9A3CA004FB431 /* GPUImageCustomFilter.fsh */; };
		87F9611C1CEEAD1A00D3AE55 /* POPViewController.m in Sources */ = {isa = PBXBuildFile; fileRef = 87F9611B1CEEAD1A00D3AE55 /* POPViewController.m */; };
		A94BAFD71C829A0C00FC7D4D /* StudyViewController.m in Sources */ = {isa = PBXBuildFile; fileRef = A94BAFD61C829A0C00FC7D4D /* StudyViewController.m */; };
		A975AA161C799E2C00CACA14 /* main.m in Sources */ = {isa = PBXBuildFile; fileRef = A975AA151C799E2C00CACA14 /* main.m */; };
		A975AA191C799E2C00CACA14 /* AppDelegate.m in Sources */ = {isa = PBXBuildFile; fileRef = A975AA181C799E2C00CACA14 /* AppDelegate.m */; };
		A975AA1C1C799E2C00CACA14 /* ViewController.m in Sources */ = {isa = PBXBuildFile; fileRef = A975AA1B1C799E2C00CACA14 /* ViewController.m */; };
		A975AA211C799E2C00CACA14 /* image.xcassets in Resources */ = {isa = PBXBuildFile; fileRef = A975AA201C799E2C00CACA14 /* image.xcassets */; };
		A975AA2F1C799E2C00CACA14 /* TestKVC_CoreDataTests.m in Sources */ = {isa = PBXBuildFile; fileRef = A975AA2E1C799E2C00CACA14 /* TestKVC_CoreDataTests.m */; };
		A975AA3A1C799E2C00CACA14 /* TestKVC_CoreDataUITests.m in Sources */ = {isa = PBXBuildFile; fileRef = A975AA391C799E2C00CACA14 /* TestKVC_CoreDataUITests.m */; };
		A975AA491C79A16B00CACA14 /* TestPerson.m in Sources */ = {isa = PBXBuildFile; fileRef = A975AA481C79A16B00CACA14 /* TestPerson.m */; };
		A975AA4C1C79A32100CACA14 /* TestKVOViewController.m in Sources */ = {isa = PBXBuildFile; fileRef = A975AA4B1C79A32100CACA14 /* TestKVOViewController.m */; };
		A975AA541C79A5D400CACA14 /* TestKVOViewController.xib in Resources */ = {isa = PBXBuildFile; fileRef = A975AA531C79A5D400CACA14 /* TestKVOViewController.xib */; };
		A975AA561C79A6DD00CACA14 /* ViewController.xib in Resources */ = {isa = PBXBuildFile; fileRef = A975AA551C79A6DD00CACA14 /* ViewController.xib */; };
		A975AA591C79AE4D00CACA14 /* PersonJob.m in Sources */ = {isa = PBXBuildFile; fileRef = A975AA581C79AE4D00CACA14 /* PersonJob.m */; };
		A975AA5C1C79B14600CACA14 /* PersonObServer.m in Sources */ = {isa = PBXBuildFile; fileRef = A975AA5B1C79B14600CACA14 /* PersonObServer.m */; };
		A975AA5F1C79B51A00CACA14 /* TestColor.m in Sources */ = {isa = PBXBuildFile; fileRef = A975AA5E1C79B51A00CACA14 /* TestColor.m */; };
		F794545914DE61A0A708D66F /* libPods-TestKVC_CoreDataUITests.a in Frameworks */ = {isa = PBXBuildFile; fileRef = EF6029E70C4CA7B3AA382CF6 /* libPods-TestKVC_CoreDataUITests.a */; };
/* End PBXBuildFile section */

/* Begin PBXContainerItemProxy section */
		A975AA2B1C799E2C00CACA14 /* PBXContainerItemProxy */ = {
			isa = PBXContainerItemProxy;
			containerPortal = A975AA091C799E2C00CACA14 /* Project object */;
			proxyType = 1;
			remoteGlobalIDString = A975AA101C799E2C00CACA14;
			remoteInfo = TestKVC_CoreData;
		};
		A975AA361C799E2C00CACA14 /* PBXContainerItemProxy */ = {
			isa = PBXContainerItemProxy;
			containerPortal = A975AA091C799E2C00CACA14 /* Project object */;
			proxyType = 1;
			remoteGlobalIDString = A975AA101C799E2C00CACA14;
			remoteInfo = TestKVC_CoreData;
		};
/* End PBXContainerItemProxy section */

/* Begin PBXFileReference section */
		0474A2375ED30E4182E2611D /* Pods-TestKVC_CoreDataUITests.release.xcconfig */ = {isa = PBXFileReference; includeInIndex = 1; lastKnownFileType = text.xcconfig; name = "Pods-TestKVC_CoreDataUITests.release.xcconfig"; path = "Pods/Target Support Files/Pods-TestKVC_CoreDataUITests/Pods-TestKVC_CoreDataUITests.release.xcconfig"; sourceTree = "<group>"; };
		746ACDD21C7FE92500803FF9 /* PropeScroViewViewController.h */ = {isa = PBXFileReference; fileEncoding = 4; lastKnownFileType = sourcecode.c.h; path = PropeScroViewViewController.h; sourceTree = "<group>"; };
		746ACDD31C7FE92500803FF9 /* PropeScroViewViewController.m */ = {isa = PBXFileReference; fileEncoding = 4; lastKnownFileType = sourcecode.c.objc; path = PropeScroViewViewController.m; sourceTree = "<group>"; };
		746ACDD51C7FFA4800803FF9 /* PropeTableViewViewController.h */ = {isa = PBXFileReference; fileEncoding = 4; lastKnownFileType = sourcecode.c.h; path = PropeTableViewViewController.h; sourceTree = "<group>"; };
		746ACDD61C7FFA4800803FF9 /* PropeTableViewViewController.m */ = {isa = PBXFileReference; fileEncoding = 4; lastKnownFileType = sourcecode.c.objc; path = PropeTableViewViewController.m; sourceTree = "<group>"; };
		748C19421CA1281B0003D172 /* TransitionsViewController.h */ = {isa = PBXFileReference; fileEncoding = 4; lastKnownFileType = sourcecode.c.h; path = TransitionsViewController.h; sourceTree = "<group>"; };
		748C19431CA1281B0003D172 /* TransitionsViewController.m */ = {isa = PBXFileReference; fileEncoding = 4; lastKnownFileType = sourcecode.c.objc; path = TransitionsViewController.m; sourceTree = "<group>"; wrapsLines = 1; };
		748C19451CA12C290003D172 /* ModelViewController.h */ = {isa = PBXFileReference; fileEncoding = 4; lastKnownFileType = sourcecode.c.h; path = ModelViewController.h; sourceTree = "<group>"; };
		748C19461CA12C290003D172 /* ModelViewController.m */ = {isa = PBXFileReference; fileEncoding = 4; lastKnownFileType = sourcecode.c.objc; path = ModelViewController.m; sourceTree = "<group>"; };
		748C19481CA1315D0003D172 /* TransitionModel.h */ = {isa = PBXFileReference; fileEncoding = 4; lastKnownFileType = sourcecode.c.h; path = TransitionModel.h; sourceTree = "<group>"; };
		748C19491CA1315D0003D172 /* TransitionModel.m */ = {isa = PBXFileReference; fileEncoding = 4; lastKnownFileType = sourcecode.c.objc; path = TransitionModel.m; sourceTree = "<group>"; };
		749024FF1C858EA800DDE102 /* TestThreadViewController.h */ = {isa = PBXFileReference; fileEncoding = 4; lastKnownFileType = sourcecode.c.h; path = TestThreadViewController.h; sourceTree = "<group>"; };
		749025001C858EA800DDE102 /* TestThreadViewController.m */ = {isa = PBXFileReference; fileEncoding = 4; lastKnownFileType = sourcecode.c.objc; path = TestThreadViewController.m; sourceTree = "<group>"; };
		7495A9D81C925E6D005CD95B /* CoreAnimationViewController.h */ = {isa = PBXFileReference; fileEncoding = 4; lastKnownFileType = sourcecode.c.h; path = CoreAnimationViewController.h; sourceTree = "<group>"; };
		7495A9D91C925E6D005CD95B /* CoreAnimationViewController.m */ = {isa = PBXFileReference; fileEncoding = 4; lastKnownFileType = sourcecode.c.objc; path = CoreAnimationViewController.m; sourceTree = "<group>"; };
		7495A9DB1C9262F8005CD95B /* QuartzCore.framework */ = {isa = PBXFileReference; lastKnownFileType = wrapper.framework; name = QuartzCore.framework; path = System/Library/Frameworks/QuartzCore.framework; sourceTree = SDKROOT; };
		74B85CD91C86C93000CEF778 /* CornerRadiusViewController.h */ = {isa = PBXFileReference; fileEncoding = 4; lastKnownFileType = sourcecode.c.h; path = CornerRadiusViewController.h; sourceTree = "<group>"; };
		74B85CDA1C86C93000CEF778 /* CornerRadiusViewController.m */ = {isa = PBXFileReference; fileEncoding = 4; lastKnownFileType = sourcecode.c.objc; path = CornerRadiusViewController.m; sourceTree = "<group>"; };
		74B85CDC1C86C9F100CEF778 /* CornerRadiusTableViewCell.h */ = {isa = PBXFileReference; fileEncoding = 4; lastKnownFileType = sourcecode.c.h; path = CornerRadiusTableViewCell.h; sourceTree = "<group>"; };
		74B85CDD1C86C9F100CEF778 /* CornerRadiusTableViewCell.m */ = {isa = PBXFileReference; fileEncoding = 4; lastKnownFileType = sourcecode.c.objc; path = CornerRadiusTableViewCell.m; sourceTree = "<group>"; };
		8704122C1D190BA700E96D56 /* WelcormeViewController.h */ = {isa = PBXFileReference; fileEncoding = 4; lastKnownFileType = sourcecode.c.h; path = WelcormeViewController.h; sourceTree = "<group>"; };
		8704122D1D190BA700E96D56 /* WelcormeViewController.m */ = {isa = PBXFileReference; fileEncoding = 4; lastKnownFileType = sourcecode.c.objc; path = WelcormeViewController.m; sourceTree = "<group>"; };
		870412301D190CB400E96D56 /* AnimationView.h */ = {isa = PBXFileReference; fileEncoding = 4; lastKnownFileType = sourcecode.c.h; path = AnimationView.h; sourceTree = "<group>"; };
		870412311D190CB400E96D56 /* AnimationView.m */ = {isa = PBXFileReference; fileEncoding = 4; lastKnownFileType = sourcecode.c.objc; path = AnimationView.m; sourceTree = "<group>"; };
		870412341D19154300E96D56 /* CycleLayer.h */ = {isa = PBXFileReference; fileEncoding = 4; lastKnownFileType = sourcecode.c.h; path = CycleLayer.h; sourceTree = "<group>"; };
		870412351D19154300E96D56 /* CycleLayer.m */ = {isa = PBXFileReference; fileEncoding = 4; lastKnownFileType = sourcecode.c.objc; path = CycleLayer.m; sourceTree = "<group>"; };
		870412371D1917FB00E96D56 /* UIColor+Hex.h */ = {isa = PBXFileReference; fileEncoding = 4; lastKnownFileType = sourcecode.c.h; path = "UIColor+Hex.h"; sourceTree = "<group>"; };
		870412381D1917FB00E96D56 /* UIColor+Hex.m */ = {isa = PBXFileReference; fileEncoding = 4; lastKnownFileType = sourcecode.c.objc; path = "UIColor+Hex.m"; sourceTree = "<group>"; };
		8704123A1D19217F00E96D56 /* TriangleLayer.h */ = {isa = PBXFileReference; fileEncoding = 4; lastKnownFileType = sourcecode.c.h; path = TriangleLayer.h; sourceTree = "<group>"; };
		8704123B1D19217F00E96D56 /* TriangleLayer.m */ = {isa = PBXFileReference; fileEncoding = 4; lastKnownFileType = sourcecode.c.objc; path = TriangleLayer.m; sourceTree = "<group>"; };
		8704123D1D19293400E96D56 /* RectangleLayer.h */ = {isa = PBXFileReference; fileEncoding = 4; lastKnownFileType = sourcecode.c.h; path = RectangleLayer.h; sourceTree = "<group>"; };
		8704123E1D19293400E96D56 /* RectangleLayer.m */ = {isa = PBXFileReference; fileEncoding = 4; lastKnownFileType = sourcecode.c.objc; path = RectangleLayer.m; sourceTree = "<group>"; };
		870412401D192B3200E96D56 /* WaveLayer.h */ = {isa = PBXFileReference; fileEncoding = 4; lastKnownFileType = sourcecode.c.h; path = WaveLayer.h; sourceTree = "<group>"; };
		870412411D192B3200E96D56 /* WaveLayer.m */ = {isa = PBXFileReference; fileEncoding = 4; lastKnownFileType = sourcecode.c.objc; path = WaveLayer.m; sourceTree = "<group>"; };
		871D92A51CD851BC009DF42C /* GJFiltersViewController.h */ = {isa = PBXFileReference; fileEncoding = 4; lastKnownFileType = sourcecode.c.h; path = GJFiltersViewController.h; sourceTree = "<group>"; };
		871D92A61CD851BC009DF42C /* GJFiltersViewController.m */ = {isa = PBXFileReference; fileEncoding = 4; lastKnownFileType = sourcecode.c.objc; path = GJFiltersViewController.m; sourceTree = "<group>"; wrapsLines = 1; };
		871D92AB1CD897E3009DF42C /* Shader1.fsh */ = {isa = PBXFileReference; fileEncoding = 4; lastKnownFileType = sourcecode.glsl; path = Shader1.fsh; sourceTree = "<group>"; };
		872AA3CC1CDA0C2E009988DC /* shader.vsh */ = {isa = PBXFileReference; fileEncoding = 4; lastKnownFileType = sourcecode.glsl; path = shader.vsh; sourceTree = "<group>"; };
		872BA6FA1CF2EACA00006CE1 /* LocalNotificationViewController.h */ = {isa = PBXFileReference; fileEncoding = 4; lastKnownFileType = sourcecode.c.h; path = LocalNotificationViewController.h; sourceTree = "<group>"; };
		872BA6FB1CF2EACA00006CE1 /* LocalNotificationViewController.m */ = {isa = PBXFileReference; fileEncoding = 4; lastKnownFileType = sourcecode.c.objc; path = LocalNotificationViewController.m; sourceTree = "<group>"; };
		872BA6FF1CF2FB6400006CE1 /* TestKVC_CoreData.entitlements */ = {isa = PBXFileReference; lastKnownFileType = text.xml; path = TestKVC_CoreData.entitlements; sourceTree = "<group>"; };
		878032411CDB337200278B85 /* InstagramViewController.h */ = {isa = PBXFileReference; fileEncoding = 4; lastKnownFileType = sourcecode.c.h; path = InstagramViewController.h; sourceTree = "<group>"; };
		878032421CDB337200278B85 /* InstagramViewController.m */ = {isa = PBXFileReference; fileEncoding = 4; lastKnownFileType = sourcecode.c.objc; path = InstagramViewController.m; sourceTree = "<group>"; };
		87DD2B9A1CCF0BA8005FA670 /* GJ_AnimationViewController.h */ = {isa = PBXFileReference; fileEncoding = 4; lastKnownFileType = sourcecode.c.h; path = GJ_AnimationViewController.h; sourceTree = "<group>"; };
		87DD2B9B1CCF0BA8005FA670 /* GJ_AnimationViewController.m */ = {isa = PBXFileReference; fileEncoding = 4; lastKnownFileType = sourcecode.c.objc; path = GJ_AnimationViewController.m; sourceTree = "<group>"; };
		87DD2B9D1CCF0D70005FA670 /* GJ_TransitionViewController.h */ = {isa = PBXFileReference; fileEncoding = 4; lastKnownFileType = sourcecode.c.h; path = GJ_TransitionViewController.h; sourceTree = "<group>"; };
		87DD2B9E1CCF0D70005FA670 /* GJ_TransitionViewController.m */ = {isa = PBXFileReference; fileEncoding = 4; lastKnownFileType = sourcecode.c.objc; path = GJ_TransitionViewController.m; sourceTree = "<group>"; };
		87DD2BA01CCF16C7005FA670 /* GJTransitionModel.h */ = {isa = PBXFileReference; fileEncoding = 4; lastKnownFileType = sourcecode.c.h; path = GJTransitionModel.h; sourceTree = "<group>"; };
		87DD2BA11CCF16C7005FA670 /* GJTransitionModel.m */ = {isa = PBXFileReference; fileEncoding = 4; lastKnownFileType = sourcecode.c.objc; path = GJTransitionModel.m; sourceTree = "<group>"; };
		87E42BCF1CDAEF7C0018F3CA /* GPUImageFiveInputFilter.h */ = {isa = PBXFileReference; fileEncoding = 4; lastKnownFileType = sourcecode.c.h; path = GPUImageFiveInputFilter.h; sourceTree = "<group>"; };
		87E42BD01CDAEF7D0018F3CA /* GPUImageFiveInputFilter.m */ = {isa = PBXFileReference; fileEncoding = 4; lastKnownFileType = sourcecode.c.objc; path = GPUImageFiveInputFilter.m; sourceTree = "<group>"; };
		87E42BD11CDAEF7D0018F3CA /* GPUImageFourInputFilter.h */ = {isa = PBXFileReference; fileEncoding = 4; lastKnownFileType = sourcecode.c.h; path = GPUImageFourInputFilter.h; sourceTree = "<group>"; };
		87E42BD21CDAEF7D0018F3CA /* GPUImageFourInputFilter.m */ = {isa = PBXFileReference; fileEncoding = 4; lastKnownFileType = sourcecode.c.objc; path = GPUImageFourInputFilter.m; sourceTree = "<group>"; };
		87E42BD31CDAEF7D0018F3CA /* GPUImageSixInputFilter.h */ = {isa = PBXFileReference; fileEncoding = 4; lastKnownFileType = sourcecode.c.h; path = GPUImageSixInputFilter.h; sourceTree = "<group>"; };
		87E42BD41CDAEF7D0018F3CA /* GPUImageSixInputFilter.m */ = {isa = PBXFileReference; fileEncoding = 4; lastKnownFileType = sourcecode.c.objc; path = GPUImageSixInputFilter.m; sourceTree = "<group>"; };
		87E42BD81CDAF2E30018F3CA /* GPUImage.InstagramFilter.bundle */ = {isa = PBXFileReference; lastKnownFileType = "wrapper.plug-in"; path = GPUImage.InstagramFilter.bundle; sourceTree = "<group>"; };
		87E42BD91CDAF2E30018F3CA /* IF1977Filter.h */ = {isa = PBXFileReference; fileEncoding = 4; lastKnownFileType = sourcecode.c.h; lineEnding = 0; path = IF1977Filter.h; sourceTree = "<group>"; };
		87E42BDA1CDAF2E30018F3CA /* IF1977Filter.m */ = {isa = PBXFileReference; fileEncoding = 4; lastKnownFileType = sourcecode.c.objc; lineEnding = 0; path = IF1977Filter.m; sourceTree = "<group>"; };
		87E42BDB1CDAF2E30018F3CA /* IFAmaroFilter.h */ = {isa = PBXFileReference; fileEncoding = 4; lastKnownFileType = sourcecode.c.h; lineEnding = 0; path = IFAmaroFilter.h; sourceTree = "<group>"; };
		87E42BDC1CDAF2E30018F3CA /* IFAmaroFilter.m */ = {isa = PBXFileReference; fileEncoding = 4; lastKnownFileType = sourcecode.c.objc; lineEnding = 0; path = IFAmaroFilter.m; sourceTree = "<group>"; };
		87E42BDD1CDAF2E30018F3CA /* IFBrannanFilter.h */ = {isa = PBXFileReference; fileEncoding = 4; lastKnownFileType = sourcecode.c.h; lineEnding = 0; path = IFBrannanFilter.h; sourceTree = "<group>"; };
		87E42BDE1CDAF2E30018F3CA /* IFBrannanFilter.m */ = {isa = PBXFileReference; fileEncoding = 4; lastKnownFileType = sourcecode.c.objc; lineEnding = 0; path = IFBrannanFilter.m; sourceTree = "<group>"; };
		87E42BDF1CDAF2E30018F3CA /* IFEarlybirdFilter.h */ = {isa = PBXFileReference; fileEncoding = 4; lastKnownFileType = sourcecode.c.h; lineEnding = 0; path = IFEarlybirdFilter.h; sourceTree = "<group>"; };
		87E42BE01CDAF2E30018F3CA /* IFEarlybirdFilter.m */ = {isa = PBXFileReference; fileEncoding = 4; lastKnownFileType = sourcecode.c.objc; lineEnding = 0; path = IFEarlybirdFilter.m; sourceTree = "<group>"; };
		87E42BE11CDAF2E30018F3CA /* IFHefeFilter.h */ = {isa = PBXFileReference; fileEncoding = 4; lastKnownFileType = sourcecode.c.h; lineEnding = 0; path = IFHefeFilter.h; sourceTree = "<group>"; };
		87E42BE21CDAF2E30018F3CA /* IFHefeFilter.m */ = {isa = PBXFileReference; fileEncoding = 4; lastKnownFileType = sourcecode.c.objc; lineEnding = 0; path = IFHefeFilter.m; sourceTree = "<group>"; };
		87E42BE31CDAF2E30018F3CA /* IFHudsonFilter.h */ = {isa = PBXFileReference; fileEncoding = 4; lastKnownFileType = sourcecode.c.h; lineEnding = 0; path = IFHudsonFilter.h; sourceTree = "<group>"; };
		87E42BE41CDAF2E30018F3CA /* IFHudsonFilter.m */ = {isa = PBXFileReference; fileEncoding = 4; lastKnownFileType = sourcecode.c.objc; lineEnding = 0; path = IFHudsonFilter.m; sourceTree = "<group>"; };
		87E42BE51CDAF2E30018F3CA /* IFImageFilter.h */ = {isa = PBXFileReference; fileEncoding = 4; lastKnownFileType = sourcecode.c.h; path = IFImageFilter.h; sourceTree = "<group>"; };
		87E42BE61CDAF2E30018F3CA /* IFImageFilter.m */ = {isa = PBXFileReference; fileEncoding = 4; lastKnownFileType = sourcecode.c.objc; path = IFImageFilter.m; sourceTree = "<group>"; };
		87E42BE71CDAF2E30018F3CA /* IFInkwellFilter.h */ = {isa = PBXFileReference; fileEncoding = 4; lastKnownFileType = sourcecode.c.h; lineEnding = 0; path = IFInkwellFilter.h; sourceTree = "<group>"; };
		87E42BE81CDAF2E30018F3CA /* IFInkwellFilter.m */ = {isa = PBXFileReference; fileEncoding = 4; lastKnownFileType = sourcecode.c.objc; lineEnding = 0; path = IFInkwellFilter.m; sourceTree = "<group>"; };
		87E42BE91CDAF2E30018F3CA /* IFLomofiFilter.h */ = {isa = PBXFileReference; fileEncoding = 4; lastKnownFileType = sourcecode.c.h; lineEnding = 0; path = IFLomofiFilter.h; sourceTree = "<group>"; };
		87E42BEA1CDAF2E30018F3CA /* IFLomofiFilter.m */ = {isa = PBXFileReference; fileEncoding = 4; lastKnownFileType = sourcecode.c.objc; lineEnding = 0; path = IFLomofiFilter.m; sourceTree = "<group>"; };
		87E42BEB1CDAF2E30018F3CA /* IFLordKelvinFilter.h */ = {isa = PBXFileReference; fileEncoding = 4; lastKnownFileType = sourcecode.c.h; lineEnding = 0; path = IFLordKelvinFilter.h; sourceTree = "<group>"; };
		87E42BEC1CDAF2E30018F3CA /* IFLordKelvinFilter.m */ = {isa = PBXFileReference; fileEncoding = 4; lastKnownFileType = sourcecode.c.objc; lineEnding = 0; path = IFLordKelvinFilter.m; sourceTree = "<group>"; };
		87E42BED1CDAF2E30018F3CA /* IFNashvilleFilter.h */ = {isa = PBXFileReference; fileEncoding = 4; lastKnownFileType = sourcecode.c.h; lineEnding = 0; path = IFNashvilleFilter.h; sourceTree = "<group>"; };
		87E42BEE1CDAF2E30018F3CA /* IFNashvilleFilter.m */ = {isa = PBXFileReference; fileEncoding = 4; lastKnownFileType = sourcecode.c.objc; lineEnding = 0; path = IFNashvilleFilter.m; sourceTree = "<group>"; };
		87E42BEF1CDAF2E30018F3CA /* IFNormalFilter.h */ = {isa = PBXFileReference; fileEncoding = 4; lastKnownFileType = sourcecode.c.h; lineEnding = 0; path = IFNormalFilter.h; sourceTree = "<group>"; };
		87E42BF01CDAF2E30018F3CA /* IFNormalFilter.m */ = {isa = PBXFileReference; fileEncoding = 4; lastKnownFileType = sourcecode.c.objc; lineEnding = 0; path = IFNormalFilter.m; sourceTree = "<group>"; };
		87E42BF11CDAF2E30018F3CA /* IFRiseFilter.h */ = {isa = PBXFileReference; fileEncoding = 4; lastKnownFileType = sourcecode.c.h; lineEnding = 0; path = IFRiseFilter.h; sourceTree = "<group>"; };
		87E42BF21CDAF2E30018F3CA /* IFRiseFilter.m */ = {isa = PBXFileReference; fileEncoding = 4; lastKnownFileType = sourcecode.c.objc; lineEnding = 0; path = IFRiseFilter.m; sourceTree = "<group>"; };
		87E42BF31CDAF2E30018F3CA /* IFSierraFilter.h */ = {isa = PBXFileReference; fileEncoding = 4; lastKnownFileType = sourcecode.c.h; lineEnding = 0; path = IFSierraFilter.h; sourceTree = "<group>"; };
		87E42BF41CDAF2E30018F3CA /* IFSierraFilter.m */ = {isa = PBXFileReference; fileEncoding = 4; lastKnownFileType = sourcecode.c.objc; lineEnding = 0; path = IFSierraFilter.m; sourceTree = "<group>"; };
		87E42BF51CDAF2E30018F3CA /* IFSutroFilter.h */ = {isa = PBXFileReference; fileEncoding = 4; lastKnownFileType = sourcecode.c.h; lineEnding = 0; path = IFSutroFilter.h; sourceTree = "<group>"; };
		87E42BF61CDAF2E30018F3CA /* IFSutroFilter.m */ = {isa = PBXFileReference; fileEncoding = 4; lastKnownFileType = sourcecode.c.objc; lineEnding = 0; path = IFSutroFilter.m; sourceTree = "<group>"; };
		87E42BF71CDAF2E30018F3CA /* IFToasterFilter.h */ = {isa = PBXFileReference; fileEncoding = 4; lastKnownFileType = sourcecode.c.h; lineEnding = 0; path = IFToasterFilter.h; sourceTree = "<group>"; };
		87E42BF81CDAF2E30018F3CA /* IFToasterFilter.m */ = {isa = PBXFileReference; fileEncoding = 4; lastKnownFileType = sourcecode.c.objc; lineEnding = 0; path = IFToasterFilter.m; sourceTree = "<group>"; };
		87E42BF91CDAF2E30018F3CA /* IFValenciaFilter.h */ = {isa = PBXFileReference; fileEncoding = 4; lastKnownFileType = sourcecode.c.h; lineEnding = 0; path = IFValenciaFilter.h; sourceTree = "<group>"; };
		87E42BFA1CDAF2E30018F3CA /* IFValenciaFilter.m */ = {isa = PBXFileReference; fileEncoding = 4; lastKnownFileType = sourcecode.c.objc; lineEnding = 0; path = IFValenciaFilter.m; sourceTree = "<group>"; };
		87E42BFB1CDAF2E30018F3CA /* IFWaldenFilter.h */ = {isa = PBXFileReference; fileEncoding = 4; lastKnownFileType = sourcecode.c.h; lineEnding = 0; path = IFWaldenFilter.h; sourceTree = "<group>"; };
		87E42BFC1CDAF2E30018F3CA /* IFWaldenFilter.m */ = {isa = PBXFileReference; fileEncoding = 4; lastKnownFileType = sourcecode.c.objc; lineEnding = 0; path = IFWaldenFilter.m; sourceTree = "<group>"; };
		87E42BFD1CDAF2E30018F3CA /* IFXproIIFilter.h */ = {isa = PBXFileReference; fileEncoding = 4; lastKnownFileType = sourcecode.c.h; lineEnding = 0; path = IFXproIIFilter.h; sourceTree = "<group>"; };
		87E42BFE1CDAF2E30018F3CA /* IFXproIIFilter.m */ = {isa = PBXFileReference; fileEncoding = 4; lastKnownFileType = sourcecode.c.objc; lineEnding = 0; path = IFXproIIFilter.m; sourceTree = "<group>"; };
		87E42BFF1CDAF2E30018F3CA /* InstaFilters.h */ = {isa = PBXFileReference; fileEncoding = 4; lastKnownFileType = sourcecode.c.h; lineEnding = 0; path = InstaFilters.h; sourceTree = "<group>"; };
		87E55B161CF5521C000C5EE4 /* ContentScrollView.h */ = {isa = PBXFileReference; fileEncoding = 4; lastKnownFileType = sourcecode.c.h; path = ContentScrollView.h; sourceTree = "<group>"; };
		87E55B171CF5521C000C5EE4 /* ContentScrollView.m */ = {isa = PBXFileReference; fileEncoding = 4; lastKnownFileType = sourcecode.c.objc; path = ContentScrollView.m; sourceTree = "<group>"; };
		87E55B191CF5524B000C5EE4 /* CommentScrollView.h */ = {isa = PBXFileReference; fileEncoding = 4; lastKnownFileType = sourcecode.c.h; path = CommentScrollView.h; sourceTree = "<group>"; };
		87E55B1A1CF5524B000C5EE4 /* CommentScrollView.m */ = {isa = PBXFileReference; fileEncoding = 4; lastKnownFileType = sourcecode.c.objc; path = CommentScrollView.m; sourceTree = "<group>"; };
		87E5731E1CF6A571005F78F2 /* LocalNotificationViewModel.h */ = {isa = PBXFileReference; fileEncoding = 4; lastKnownFileType = sourcecode.c.h; path = LocalNotificationViewModel.h; sourceTree = "<group>"; };
		87E5731F1CF6A571005F78F2 /* LocalNotificationViewModel.m */ = {isa = PBXFileReference; fileEncoding = 4; lastKnownFileType = sourcecode.c.objc; path = LocalNotificationViewModel.m; sourceTree = "<group>"; };
		87E83A8E1D265880000EB07F /* PictureEditorViewController.h */ = {isa = PBXFileReference; fileEncoding = 4; lastKnownFileType = sourcecode.c.h; path = PictureEditorViewController.h; sourceTree = "<group>"; };
		87E83A8F1D265880000EB07F /* PictureEditorViewController.m */ = {isa = PBXFileReference; fileEncoding = 4; lastKnownFileType = sourcecode.c.objc; path = PictureEditorViewController.m; sourceTree = "<group>"; };
		87E83A911D265A38000EB07F /* EditorView.h */ = {isa = PBXFileReference; fileEncoding = 4; lastKnownFileType = sourcecode.c.h; path = EditorView.h; sourceTree = "<group>"; };
		87E83A921D265A38000EB07F /* EditorView.m */ = {isa = PBXFileReference; fileEncoding = 4; lastKnownFileType = sourcecode.c.objc; path = EditorView.m; sourceTree = "<group>"; };
		87E83A971D2663B9000EB07F /* GCycleLayer.h */ = {isa = PBXFileReference; fileEncoding = 4; lastKnownFileType = sourcecode.c.h; path = GCycleLayer.h; sourceTree = "<group>"; };
		87E83A981D2663B9000EB07F /* GCycleLayer.m */ = {isa = PBXFileReference; fileEncoding = 4; lastKnownFileType = sourcecode.c.objc; path = GCycleLayer.m; sourceTree = "<group>"; };
		87E83A9A1D2663DB000EB07F /* GRectangleLayer.h */ = {isa = PBXFileReference; fileEncoding = 4; lastKnownFileType = sourcecode.c.h; path = GRectangleLayer.h; sourceTree = "<group>"; };
		87E83A9B1D2663DB000EB07F /* GRectangleLayer.m */ = {isa = PBXFileReference; fileEncoding = 4; lastKnownFileType = sourcecode.c.objc; path = GRectangleLayer.m; sourceTree = "<group>"; };
		87EEFEC81CF4382800A6A429 /* ScrollVIewViewController.h */ = {isa = PBXFileReference; fileEncoding = 4; lastKnownFileType = sourcecode.c.h; path = ScrollVIewViewController.h; sourceTree = "<group>"; };
		87EEFEC91CF4382800A6A429 /* ScrollVIewViewController.m */ = {isa = PBXFileReference; fileEncoding = 4; lastKnownFileType = sourcecode.c.objc; path = ScrollVIewViewController.m; sourceTree = "<group>"; };
		87EEFECB1CF4552900A6A429 /* firstScrollView.h */ = {isa = PBXFileReference; fileEncoding = 4; lastKnownFileType = sourcecode.c.h; path = firstScrollView.h; sourceTree = "<group>"; };
		87EEFECC1CF4552900A6A429 /* firstScrollView.m */ = {isa = PBXFileReference; fileEncoding = 4; lastKnownFileType = sourcecode.c.objc; path = firstScrollView.m; sourceTree = "<group>"; };
		87EEFECE1CF4563800A6A429 /* SecondScrollView.h */ = {isa = PBXFileReference; fileEncoding = 4; lastKnownFileType = sourcecode.c.h; path = SecondScrollView.h; sourceTree = "<group>"; };
		87EEFECF1CF4563800A6A429 /* SecondScrollView.m */ = {isa = PBXFileReference; fileEncoding = 4; lastKnownFileType = sourcecode.c.objc; path = SecondScrollView.m; sourceTree = "<group>"; };
		87F8476F1CD9A297004FB431 /* shader.fsh */ = {isa = PBXFileReference; fileEncoding = 4; lastKnownFileType = sourcecode.glsl; path = shader.fsh; sourceTree = "<group>"; };
		87F847711CD9A3CA004FB431 /* GPUImageCustomFilter.fsh */ = {isa = PBXFileReference; fileEncoding = 4; lastKnownFileType = sourcecode.glsl; path = GPUImageCustomFilter.fsh; sourceTree = "<group>"; };
		87F9611A1CEEAD1A00D3AE55 /* POPViewController.h */ = {isa = PBXFileReference; fileEncoding = 4; lastKnownFileType = sourcecode.c.h; path = POPViewController.h; sourceTree = "<group>"; };
		87F9611B1CEEAD1A00D3AE55 /* POPViewController.m */ = {isa = PBXFileReference; fileEncoding = 4; lastKnownFileType = sourcecode.c.objc; path = POPViewController.m; sourceTree = "<group>"; };
		88B241A3C1209D00EAD9FAFE /* Pods-TestKVC_CoreDataUITests.debug.xcconfig */ = {isa = PBXFileReference; includeInIndex = 1; lastKnownFileType = text.xcconfig; name = "Pods-TestKVC_CoreDataUITests.debug.xcconfig"; path = "Pods/Target Support Files/Pods-TestKVC_CoreDataUITests/Pods-TestKVC_CoreDataUITests.debug.xcconfig"; sourceTree = "<group>"; };
		8E4838B72DF92360462E2E8E /* Pods-TestKVC_CoreData.debug.xcconfig */ = {isa = PBXFileReference; includeInIndex = 1; lastKnownFileType = text.xcconfig; name = "Pods-TestKVC_CoreData.debug.xcconfig"; path = "Pods/Target Support Files/Pods-TestKVC_CoreData/Pods-TestKVC_CoreData.debug.xcconfig"; sourceTree = "<group>"; };
		A94BAFD51C829A0C00FC7D4D /* StudyViewController.h */ = {isa = PBXFileReference; fileEncoding = 4; lastKnownFileType = sourcecode.c.h; path = StudyViewController.h; sourceTree = "<group>"; };
		A94BAFD61C829A0C00FC7D4D /* StudyViewController.m */ = {isa = PBXFileReference; fileEncoding = 4; lastKnownFileType = sourcecode.c.objc; path = StudyViewController.m; sourceTree = "<group>"; };
		A975AA111C799E2C00CACA14 /* TestKVC_CoreData.app */ = {isa = PBXFileReference; explicitFileType = wrapper.application; includeInIndex = 0; path = TestKVC_CoreData.app; sourceTree = BUILT_PRODUCTS_DIR; };
		A975AA151C799E2C00CACA14 /* main.m */ = {isa = PBXFileReference; lastKnownFileType = sourcecode.c.objc; path = main.m; sourceTree = "<group>"; };
		A975AA171C799E2C00CACA14 /* AppDelegate.h */ = {isa = PBXFileReference; lastKnownFileType = sourcecode.c.h; path = AppDelegate.h; sourceTree = "<group>"; };
		A975AA181C799E2C00CACA14 /* AppDelegate.m */ = {isa = PBXFileReference; lastKnownFileType = sourcecode.c.objc; path = AppDelegate.m; sourceTree = "<group>"; };
		A975AA1A1C799E2C00CACA14 /* ViewController.h */ = {isa = PBXFileReference; lastKnownFileType = sourcecode.c.h; path = ViewController.h; sourceTree = "<group>"; };
		A975AA1B1C799E2C00CACA14 /* ViewController.m */ = {isa = PBXFileReference; lastKnownFileType = sourcecode.c.objc; path = ViewController.m; sourceTree = "<group>"; };
		A975AA201C799E2C00CACA14 /* image.xcassets */ = {isa = PBXFileReference; lastKnownFileType = folder.assetcatalog; path = image.xcassets; sourceTree = "<group>"; };
		A975AA251C799E2C00CACA14 /* Info.plist */ = {isa = PBXFileReference; lastKnownFileType = text.plist.xml; path = Info.plist; sourceTree = "<group>"; };
		A975AA2A1C799E2C00CACA14 /* TestKVC_CoreDataTests.xctest */ = {isa = PBXFileReference; explicitFileType = wrapper.cfbundle; includeInIndex = 0; path = TestKVC_CoreDataTests.xctest; sourceTree = BUILT_PRODUCTS_DIR; };
		A975AA2E1C799E2C00CACA14 /* TestKVC_CoreDataTests.m */ = {isa = PBXFileReference; lastKnownFileType = sourcecode.c.objc; path = TestKVC_CoreDataTests.m; sourceTree = "<group>"; };
		A975AA301C799E2C00CACA14 /* Info.plist */ = {isa = PBXFileReference; lastKnownFileType = text.plist.xml; path = Info.plist; sourceTree = "<group>"; };
		A975AA351C799E2C00CACA14 /* TestKVC_CoreDataUITests.xctest */ = {isa = PBXFileReference; explicitFileType = wrapper.cfbundle; includeInIndex = 0; path = TestKVC_CoreDataUITests.xctest; sourceTree = BUILT_PRODUCTS_DIR; };
		A975AA391C799E2C00CACA14 /* TestKVC_CoreDataUITests.m */ = {isa = PBXFileReference; lastKnownFileType = sourcecode.c.objc; path = TestKVC_CoreDataUITests.m; sourceTree = "<group>"; };
		A975AA3B1C799E2C00CACA14 /* Info.plist */ = {isa = PBXFileReference; lastKnownFileType = text.plist.xml; path = Info.plist; sourceTree = "<group>"; };
		A975AA471C79A16B00CACA14 /* TestPerson.h */ = {isa = PBXFileReference; fileEncoding = 4; lastKnownFileType = sourcecode.c.h; path = TestPerson.h; sourceTree = "<group>"; };
		A975AA481C79A16B00CACA14 /* TestPerson.m */ = {isa = PBXFileReference; fileEncoding = 4; lastKnownFileType = sourcecode.c.objc; path = TestPerson.m; sourceTree = "<group>"; };
		A975AA4A1C79A32100CACA14 /* TestKVOViewController.h */ = {isa = PBXFileReference; fileEncoding = 4; lastKnownFileType = sourcecode.c.h; path = TestKVOViewController.h; sourceTree = "<group>"; };
		A975AA4B1C79A32100CACA14 /* TestKVOViewController.m */ = {isa = PBXFileReference; fileEncoding = 4; lastKnownFileType = sourcecode.c.objc; path = TestKVOViewController.m; sourceTree = "<group>"; };
		A975AA531C79A5D400CACA14 /* TestKVOViewController.xib */ = {isa = PBXFileReference; fileEncoding = 4; lastKnownFileType = file.xib; path = TestKVOViewController.xib; sourceTree = "<group>"; };
		A975AA551C79A6DD00CACA14 /* ViewController.xib */ = {isa = PBXFileReference; fileEncoding = 4; lastKnownFileType = file.xib; path = ViewController.xib; sourceTree = "<group>"; };
		A975AA571C79AE4D00CACA14 /* PersonJob.h */ = {isa = PBXFileReference; fileEncoding = 4; lastKnownFileType = sourcecode.c.h; path = PersonJob.h; sourceTree = "<group>"; };
		A975AA581C79AE4D00CACA14 /* PersonJob.m */ = {isa = PBXFileReference; fileEncoding = 4; lastKnownFileType = sourcecode.c.objc; path = PersonJob.m; sourceTree = "<group>"; };
		A975AA5A1C79B14600CACA14 /* PersonObServer.h */ = {isa = PBXFileReference; fileEncoding = 4; lastKnownFileType = sourcecode.c.h; path = PersonObServer.h; sourceTree = "<group>"; };
		A975AA5B1C79B14600CACA14 /* PersonObServer.m */ = {isa = PBXFileReference; fileEncoding = 4; lastKnownFileType = sourcecode.c.objc; path = PersonObServer.m; sourceTree = "<group>"; };
		A975AA5D1C79B51A00CACA14 /* TestColor.h */ = {isa = PBXFileReference; fileEncoding = 4; lastKnownFileType = sourcecode.c.h; path = TestColor.h; sourceTree = "<group>"; };
		A975AA5E1C79B51A00CACA14 /* TestColor.m */ = {isa = PBXFileReference; fileEncoding = 4; lastKnownFileType = sourcecode.c.objc; path = TestColor.m; sourceTree = "<group>"; };
		BDF7346C15F90A4F04F74D44 /* Pods-TestKVC_CoreDataTests.debug.xcconfig */ = {isa = PBXFileReference; includeInIndex = 1; lastKnownFileType = text.xcconfig; name = "Pods-TestKVC_CoreDataTests.debug.xcconfig"; path = "Pods/Target Support Files/Pods-TestKVC_CoreDataTests/Pods-TestKVC_CoreDataTests.debug.xcconfig"; sourceTree = "<group>"; };
		CBC0AB6CC0048585FADDE1AA /* libPods-TestKVC_CoreData.a */ = {isa = PBXFileReference; explicitFileType = archive.ar; includeInIndex = 0; path = "libPods-TestKVC_CoreData.a"; sourceTree = BUILT_PRODUCTS_DIR; };
		EF6029E70C4CA7B3AA382CF6 /* libPods-TestKVC_CoreDataUITests.a */ = {isa = PBXFileReference; explicitFileType = archive.ar; includeInIndex = 0; path = "libPods-TestKVC_CoreDataUITests.a"; sourceTree = BUILT_PRODUCTS_DIR; };
		F3B713F31FA70D93C5DB46E1 /* Pods-TestKVC_CoreDataTests.release.xcconfig */ = {isa = PBXFileReference; includeInIndex = 1; lastKnownFileType = text.xcconfig; name = "Pods-TestKVC_CoreDataTests.release.xcconfig"; path = "Pods/Target Support Files/Pods-TestKVC_CoreDataTests/Pods-TestKVC_CoreDataTests.release.xcconfig"; sourceTree = "<group>"; };
		F40ACE2C612CB9FB757926B2 /* libPods-TestKVC_CoreDataTests.a */ = {isa = PBXFileReference; explicitFileType = archive.ar; includeInIndex = 0; path = "libPods-TestKVC_CoreDataTests.a"; sourceTree = BUILT_PRODUCTS_DIR; };
		FF9793CE0DCE4D0D2FD5EA67 /* Pods-TestKVC_CoreData.release.xcconfig */ = {isa = PBXFileReference; includeInIndex = 1; lastKnownFileType = text.xcconfig; name = "Pods-TestKVC_CoreData.release.xcconfig"; path = "Pods/Target Support Files/Pods-TestKVC_CoreData/Pods-TestKVC_CoreData.release.xcconfig"; sourceTree = "<group>"; };
/* End PBXFileReference section */

/* Begin PBXFrameworksBuildPhase section */
		A975AA0E1C799E2C00CACA14 /* Frameworks */ = {
			isa = PBXFrameworksBuildPhase;
			buildActionMask = 2147483647;
			files = (
				7495A9DC1C9262F8005CD95B /* QuartzCore.framework in Frameworks */,
				5358C93571CBCBF0505BF117 /* libPods-TestKVC_CoreData.a in Frameworks */,
			);
			runOnlyForDeploymentPostprocessing = 0;
		};
		A975AA271C799E2C00CACA14 /* Frameworks */ = {
			isa = PBXFrameworksBuildPhase;
			buildActionMask = 2147483647;
			files = (
				5310A1E5D5E3A7DBDADFFC07 /* libPods-TestKVC_CoreDataTests.a in Frameworks */,
			);
			runOnlyForDeploymentPostprocessing = 0;
		};
		A975AA321C799E2C00CACA14 /* Frameworks */ = {
			isa = PBXFrameworksBuildPhase;
			buildActionMask = 2147483647;
			files = (
				F794545914DE61A0A708D66F /* libPods-TestKVC_CoreDataUITests.a in Frameworks */,
			);
			runOnlyForDeploymentPostprocessing = 0;
		};
/* End PBXFrameworksBuildPhase section */

/* Begin PBXGroup section */
		8704122B1D18EFBB00E96D56 /* welcormeAnimation */ = {
			isa = PBXGroup;
			children = (
				870412371D1917FB00E96D56 /* UIColor+Hex.h */,
				870412381D1917FB00E96D56 /* UIColor+Hex.m */,
				8704122C1D190BA700E96D56 /* WelcormeViewController.h */,
				8704122D1D190BA700E96D56 /* WelcormeViewController.m */,
				8704122F1D190CA200E96D56 /* AnimationView */,
			);
			path = welcormeAnimation;
			sourceTree = "<group>";
		};
		8704122F1D190CA200E96D56 /* AnimationView */ = {
			isa = PBXGroup;
			children = (
				870412301D190CB400E96D56 /* AnimationView.h */,
				870412311D190CB400E96D56 /* AnimationView.m */,
				870412331D1914D000E96D56 /* GL_layer */,
			);
			path = AnimationView;
			sourceTree = "<group>";
		};
		870412331D1914D000E96D56 /* GL_layer */ = {
			isa = PBXGroup;
			children = (
				870412341D19154300E96D56 /* CycleLayer.h */,
				870412351D19154300E96D56 /* CycleLayer.m */,
				8704123A1D19217F00E96D56 /* TriangleLayer.h */,
				8704123B1D19217F00E96D56 /* TriangleLayer.m */,
				8704123D1D19293400E96D56 /* RectangleLayer.h */,
				8704123E1D19293400E96D56 /* RectangleLayer.m */,
				870412401D192B3200E96D56 /* WaveLayer.h */,
				870412411D192B3200E96D56 /* WaveLayer.m */,
			);
			path = GL_layer;
			sourceTree = "<group>";
		};
		87E42C001CDAF2E30018F3CA /* Instagram */ = {
			isa = PBXGroup;
			children = (
				87E42BD81CDAF2E30018F3CA /* GPUImage.InstagramFilter.bundle */,
				87E42BD91CDAF2E30018F3CA /* IF1977Filter.h */,
				87E42BDA1CDAF2E30018F3CA /* IF1977Filter.m */,
				87E42BDB1CDAF2E30018F3CA /* IFAmaroFilter.h */,
				87E42BDC1CDAF2E30018F3CA /* IFAmaroFilter.m */,
				87E42BDD1CDAF2E30018F3CA /* IFBrannanFilter.h */,
				87E42BDE1CDAF2E30018F3CA /* IFBrannanFilter.m */,
				87E42BDF1CDAF2E30018F3CA /* IFEarlybirdFilter.h */,
				87E42BE01CDAF2E30018F3CA /* IFEarlybirdFilter.m */,
				87E42BE11CDAF2E30018F3CA /* IFHefeFilter.h */,
				87E42BE21CDAF2E30018F3CA /* IFHefeFilter.m */,
				87E42BE31CDAF2E30018F3CA /* IFHudsonFilter.h */,
				87E42BE41CDAF2E30018F3CA /* IFHudsonFilter.m */,
				87E42BE51CDAF2E30018F3CA /* IFImageFilter.h */,
				87E42BE61CDAF2E30018F3CA /* IFImageFilter.m */,
				87E42BE71CDAF2E30018F3CA /* IFInkwellFilter.h */,
				87E42BE81CDAF2E30018F3CA /* IFInkwellFilter.m */,
				87E42BE91CDAF2E30018F3CA /* IFLomofiFilter.h */,
				87E42BEA1CDAF2E30018F3CA /* IFLomofiFilter.m */,
				87E42BEB1CDAF2E30018F3CA /* IFLordKelvinFilter.h */,
				87E42BEC1CDAF2E30018F3CA /* IFLordKelvinFilter.m */,
				87E42BED1CDAF2E30018F3CA /* IFNashvilleFilter.h */,
				87E42BEE1CDAF2E30018F3CA /* IFNashvilleFilter.m */,
				87E42BEF1CDAF2E30018F3CA /* IFNormalFilter.h */,
				87E42BF01CDAF2E30018F3CA /* IFNormalFilter.m */,
				87E42BF11CDAF2E30018F3CA /* IFRiseFilter.h */,
				87E42BF21CDAF2E30018F3CA /* IFRiseFilter.m */,
				87E42BF31CDAF2E30018F3CA /* IFSierraFilter.h */,
				87E42BF41CDAF2E30018F3CA /* IFSierraFilter.m */,
				87E42BF51CDAF2E30018F3CA /* IFSutroFilter.h */,
				87E42BF61CDAF2E30018F3CA /* IFSutroFilter.m */,
				87E42BF71CDAF2E30018F3CA /* IFToasterFilter.h */,
				87E42BF81CDAF2E30018F3CA /* IFToasterFilter.m */,
				87E42BF91CDAF2E30018F3CA /* IFValenciaFilter.h */,
				87E42BFA1CDAF2E30018F3CA /* IFValenciaFilter.m */,
				87E42BFB1CDAF2E30018F3CA /* IFWaldenFilter.h */,
				87E42BFC1CDAF2E30018F3CA /* IFWaldenFilter.m */,
				87E42BFD1CDAF2E30018F3CA /* IFXproIIFilter.h */,
				87E42BFE1CDAF2E30018F3CA /* IFXproIIFilter.m */,
				87E42BFF1CDAF2E30018F3CA /* InstaFilters.h */,
			);
			name = Instagram;
			path = "../../GPUImage-Instagram/Sources/Filters/Instagram";
			sourceTree = "<group>";
		};
		87E83A8D1D265850000EB07F /* PictureEditor */ = {
			isa = PBXGroup;
			children = (
				87E83A8E1D265880000EB07F /* PictureEditorViewController.h */,
				87E83A8F1D265880000EB07F /* PictureEditorViewController.m */,
				87E83A911D265A38000EB07F /* EditorView.h */,
				87E83A921D265A38000EB07F /* EditorView.m */,
				87E83A971D2663B9000EB07F /* GCycleLayer.h */,
				87E83A981D2663B9000EB07F /* GCycleLayer.m */,
				87E83A9A1D2663DB000EB07F /* GRectangleLayer.h */,
				87E83A9B1D2663DB000EB07F /* GRectangleLayer.m */,
			);
			path = PictureEditor;
			sourceTree = "<group>";
		};
		A22A29A9D6C2EC824136E84F /* Pods */ = {
			isa = PBXGroup;
			children = (
				8E4838B72DF92360462E2E8E /* Pods-TestKVC_CoreData.debug.xcconfig */,
				FF9793CE0DCE4D0D2FD5EA67 /* Pods-TestKVC_CoreData.release.xcconfig */,
				BDF7346C15F90A4F04F74D44 /* Pods-TestKVC_CoreDataTests.debug.xcconfig */,
				F3B713F31FA70D93C5DB46E1 /* Pods-TestKVC_CoreDataTests.release.xcconfig */,
				88B241A3C1209D00EAD9FAFE /* Pods-TestKVC_CoreDataUITests.debug.xcconfig */,
				0474A2375ED30E4182E2611D /* Pods-TestKVC_CoreDataUITests.release.xcconfig */,
			);
			name = Pods;
			sourceTree = "<group>";
		};
		A975AA081C799E2C00CACA14 = {
			isa = PBXGroup;
			children = (
				A975AA131C799E2C00CACA14 /* TestKVC_CoreData */,
				A975AA2D1C799E2C00CACA14 /* TestKVC_CoreDataTests */,
				A975AA381C799E2C00CACA14 /* TestKVC_CoreDataUITests */,
				A975AA121C799E2C00CACA14 /* Products */,
				D3FF3C3900890BE9007C94A8 /* Frameworks */,
				A22A29A9D6C2EC824136E84F /* Pods */,
			);
			sourceTree = "<group>";
		};
		A975AA121C799E2C00CACA14 /* Products */ = {
			isa = PBXGroup;
			children = (
				A975AA111C799E2C00CACA14 /* TestKVC_CoreData.app */,
				A975AA2A1C799E2C00CACA14 /* TestKVC_CoreDataTests.xctest */,
				A975AA351C799E2C00CACA14 /* TestKVC_CoreDataUITests.xctest */,
			);
			name = Products;
			sourceTree = "<group>";
		};
		A975AA131C799E2C00CACA14 /* TestKVC_CoreData */ = {
			isa = PBXGroup;
			children = (
				872BA6FF1CF2FB6400006CE1 /* TestKVC_CoreData.entitlements */,
				871D92AB1CD897E3009DF42C /* Shader1.fsh */,
				87F8476F1CD9A297004FB431 /* shader.fsh */,
				872AA3CC1CDA0C2E009988DC /* shader.vsh */,
				87F847711CD9A3CA004FB431 /* GPUImageCustomFilter.fsh */,
				87E42BCF1CDAEF7C0018F3CA /* GPUImageFiveInputFilter.h */,
				87E42BD01CDAEF7D0018F3CA /* GPUImageFiveInputFilter.m */,
				87E42BD11CDAEF7D0018F3CA /* GPUImageFourInputFilter.h */,
				87E42BD21CDAEF7D0018F3CA /* GPUImageFourInputFilter.m */,
				87E42BD31CDAEF7D0018F3CA /* GPUImageSixInputFilter.h */,
				87E42BD41CDAEF7D0018F3CA /* GPUImageSixInputFilter.m */,
				87E42C001CDAF2E30018F3CA /* Instagram */,
				A975AA171C799E2C00CACA14 /* AppDelegate.h */,
				A975AA181C799E2C00CACA14 /* AppDelegate.m */,
				A975AA1A1C799E2C00CACA14 /* ViewController.h */,
				A975AA1B1C799E2C00CACA14 /* ViewController.m */,
				A975AA551C79A6DD00CACA14 /* ViewController.xib */,
				746ACDD21C7FE92500803FF9 /* PropeScroViewViewController.h */,
				746ACDD31C7FE92500803FF9 /* PropeScroViewViewController.m */,
				746ACDD51C7FFA4800803FF9 /* PropeTableViewViewController.h */,
				746ACDD61C7FFA4800803FF9 /* PropeTableViewViewController.m */,
				A94BAFD51C829A0C00FC7D4D /* StudyViewController.h */,
				A94BAFD61C829A0C00FC7D4D /* StudyViewController.m */,
				74B85CD91C86C93000CEF778 /* CornerRadiusViewController.h */,
				74B85CDA1C86C93000CEF778 /* CornerRadiusViewController.m */,
				74B85CDC1C86C9F100CEF778 /* CornerRadiusTableViewCell.h */,
				74B85CDD1C86C9F100CEF778 /* CornerRadiusTableViewCell.m */,
				749024FF1C858EA800DDE102 /* TestThreadViewController.h */,
				749025001C858EA800DDE102 /* TestThreadViewController.m */,
				7495A9D81C925E6D005CD95B /* CoreAnimationViewController.h */,
				7495A9D91C925E6D005CD95B /* CoreAnimationViewController.m */,
				748C19421CA1281B0003D172 /* TransitionsViewController.h */,
				748C19431CA1281B0003D172 /* TransitionsViewController.m */,
				748C19481CA1315D0003D172 /* TransitionModel.h */,
				748C19491CA1315D0003D172 /* TransitionModel.m */,
				748C19451CA12C290003D172 /* ModelViewController.h */,
				748C19461CA12C290003D172 /* ModelViewController.m */,
				87DD2B9A1CCF0BA8005FA670 /* GJ_AnimationViewController.h */,
				87DD2B9B1CCF0BA8005FA670 /* GJ_AnimationViewController.m */,
				87DD2BA01CCF16C7005FA670 /* GJTransitionModel.h */,
				87DD2BA11CCF16C7005FA670 /* GJTransitionModel.m */,
				87DD2B9D1CCF0D70005FA670 /* GJ_TransitionViewController.h */,
				87DD2B9E1CCF0D70005FA670 /* GJ_TransitionViewController.m */,
				871D92A51CD851BC009DF42C /* GJFiltersViewController.h */,
				871D92A61CD851BC009DF42C /* GJFiltersViewController.m */,
				878032411CDB337200278B85 /* InstagramViewController.h */,
				878032421CDB337200278B85 /* InstagramViewController.m */,
				A975AA4A1C79A32100CACA14 /* TestKVOViewController.h */,
				A975AA4B1C79A32100CACA14 /* TestKVOViewController.m */,
				A975AA531C79A5D400CACA14 /* TestKVOViewController.xib */,
				87F9611A1CEEAD1A00D3AE55 /* POPViewController.h */,
				87F9611B1CEEAD1A00D3AE55 /* POPViewController.m */,
				872BA6FA1CF2EACA00006CE1 /* LocalNotificationViewController.h */,
				872BA6FB1CF2EACA00006CE1 /* LocalNotificationViewController.m */,
				87E5731E1CF6A571005F78F2 /* LocalNotificationViewModel.h */,
				87E5731F1CF6A571005F78F2 /* LocalNotificationViewModel.m */,
				87EEFEC81CF4382800A6A429 /* ScrollVIewViewController.h */,
				87EEFEC91CF4382800A6A429 /* ScrollVIewViewController.m */,
				87EEFECB1CF4552900A6A429 /* firstScrollView.h */,
				87EEFECC1CF4552900A6A429 /* firstScrollView.m */,
				87E55B161CF5521C000C5EE4 /* ContentScrollView.h */,
				87E55B171CF5521C000C5EE4 /* ContentScrollView.m */,
				87E55B191CF5524B000C5EE4 /* CommentScrollView.h */,
				87E55B1A1CF5524B000C5EE4 /* CommentScrollView.m */,
				87EEFECE1CF4563800A6A429 /* SecondScrollView.h */,
				87EEFECF1CF4563800A6A429 /* SecondScrollView.m */,
				A975AA471C79A16B00CACA14 /* TestPerson.h */,
				A975AA481C79A16B00CACA14 /* TestPerson.m */,
				A975AA571C79AE4D00CACA14 /* PersonJob.h */,
				A975AA581C79AE4D00CACA14 /* PersonJob.m */,
				A975AA5A1C79B14600CACA14 /* PersonObServer.h */,
				A975AA5B1C79B14600CACA14 /* PersonObServer.m */,
				A975AA5D1C79B51A00CACA14 /* TestColor.h */,
				A975AA5E1C79B51A00CACA14 /* TestColor.m */,
				87E83A8D1D265850000EB07F /* PictureEditor */,
				8704122B1D18EFBB00E96D56 /* welcormeAnimation */,
				A975AA201C799E2C00CACA14 /* image.xcassets */,
				A975AA251C799E2C00CACA14 /* Info.plist */,
				A975AA141C799E2C00CACA14 /* Supporting Files */,
			);
			path = TestKVC_CoreData;
			sourceTree = "<group>";
		};
		A975AA141C799E2C00CACA14 /* Supporting Files */ = {
			isa = PBXGroup;
			children = (
				A975AA151C799E2C00CACA14 /* main.m */,
			);
			name = "Supporting Files";
			sourceTree = "<group>";
		};
		A975AA2D1C799E2C00CACA14 /* TestKVC_CoreDataTests */ = {
			isa = PBXGroup;
			children = (
				A975AA2E1C799E2C00CACA14 /* TestKVC_CoreDataTests.m */,
				A975AA301C799E2C00CACA14 /* Info.plist */,
			);
			path = TestKVC_CoreDataTests;
			sourceTree = "<group>";
		};
		A975AA381C799E2C00CACA14 /* TestKVC_CoreDataUITests */ = {
			isa = PBXGroup;
			children = (
				A975AA391C799E2C00CACA14 /* TestKVC_CoreDataUITests.m */,
				A975AA3B1C799E2C00CACA14 /* Info.plist */,
			);
			path = TestKVC_CoreDataUITests;
			sourceTree = "<group>";
		};
		D3FF3C3900890BE9007C94A8 /* Frameworks */ = {
			isa = PBXGroup;
			children = (
				7495A9DB1C9262F8005CD95B /* QuartzCore.framework */,
				CBC0AB6CC0048585FADDE1AA /* libPods-TestKVC_CoreData.a */,
				F40ACE2C612CB9FB757926B2 /* libPods-TestKVC_CoreDataTests.a */,
				EF6029E70C4CA7B3AA382CF6 /* libPods-TestKVC_CoreDataUITests.a */,
			);
			name = Frameworks;
			sourceTree = "<group>";
		};
/* End PBXGroup section */

/* Begin PBXNativeTarget section */
		A975AA101C799E2C00CACA14 /* TestKVC_CoreData */ = {
			isa = PBXNativeTarget;
			buildConfigurationList = A975AA3E1C799E2C00CACA14 /* Build configuration list for PBXNativeTarget "TestKVC_CoreData" */;
			buildPhases = (
				3A1196E50CC3949233E8C976 /* [CP] Check Pods Manifest.lock */,
				A975AA0D1C799E2C00CACA14 /* Sources */,
				A975AA0E1C799E2C00CACA14 /* Frameworks */,
				A975AA0F1C799E2C00CACA14 /* Resources */,
				E0A4948E3AA8A8645DC0306B /* [CP] Embed Pods Frameworks */,
				1BB5D2BCFCA2EDAD08C31DBB /* [CP] Copy Pods Resources */,
			);
			buildRules = (
			);
			dependencies = (
			);
			name = TestKVC_CoreData;
			productName = TestKVC_CoreData;
			productReference = A975AA111C799E2C00CACA14 /* TestKVC_CoreData.app */;
			productType = "com.apple.product-type.application";
		};
		A975AA291C799E2C00CACA14 /* TestKVC_CoreDataTests */ = {
			isa = PBXNativeTarget;
			buildConfigurationList = A975AA411C799E2C00CACA14 /* Build configuration list for PBXNativeTarget "TestKVC_CoreDataTests" */;
			buildPhases = (
				C281A15AE4209A47E42E968C /* [CP] Check Pods Manifest.lock */,
				A975AA261C799E2C00CACA14 /* Sources */,
				A975AA271C799E2C00CACA14 /* Frameworks */,
				A975AA281C799E2C00CACA14 /* Resources */,
				9EDE81C0880B18B0DC9AD136 /* [CP] Embed Pods Frameworks */,
				190CDA0DB8554CA9A3F22F2C /* [CP] Copy Pods Resources */,
			);
			buildRules = (
			);
			dependencies = (
				A975AA2C1C799E2C00CACA14 /* PBXTargetDependency */,
			);
			name = TestKVC_CoreDataTests;
			productName = TestKVC_CoreDataTests;
			productReference = A975AA2A1C799E2C00CACA14 /* TestKVC_CoreDataTests.xctest */;
			productType = "com.apple.product-type.bundle.unit-test";
		};
		A975AA341C799E2C00CACA14 /* TestKVC_CoreDataUITests */ = {
			isa = PBXNativeTarget;
			buildConfigurationList = A975AA441C799E2C00CACA14 /* Build configuration list for PBXNativeTarget "TestKVC_CoreDataUITests" */;
			buildPhases = (
				85A9B9087870BF5614CD42E0 /* [CP] Check Pods Manifest.lock */,
				A975AA311C799E2C00CACA14 /* Sources */,
				A975AA321C799E2C00CACA14 /* Frameworks */,
				A975AA331C799E2C00CACA14 /* Resources */,
				75F5ECD3B21C776DA9AF4407 /* [CP] Copy Pods Resources */,
			);
			buildRules = (
			);
			dependencies = (
				A975AA371C799E2C00CACA14 /* PBXTargetDependency */,
			);
			name = TestKVC_CoreDataUITests;
			productName = TestKVC_CoreDataUITests;
			productReference = A975AA351C799E2C00CACA14 /* TestKVC_CoreDataUITests.xctest */;
			productType = "com.apple.product-type.bundle.ui-testing";
		};
/* End PBXNativeTarget section */

/* Begin PBXProject section */
		A975AA091C799E2C00CACA14 /* Project object */ = {
			isa = PBXProject;
			attributes = {
				LastUpgradeCheck = 0720;
				ORGANIZATIONNAME = genglei;
				TargetAttributes = {
					A975AA101C799E2C00CACA14 = {
						CreatedOnToolsVersion = 7.2.1;
						DevelopmentTeam = 5PNX76B54G;
						SystemCapabilities = {
							com.apple.InterAppAudio = {
								enabled = 0;
							};
							com.apple.Push = {
								enabled = 0;
							};
						};
					};
					A975AA291C799E2C00CACA14 = {
						CreatedOnToolsVersion = 7.2.1;
						TestTargetID = A975AA101C799E2C00CACA14;
					};
					A975AA341C799E2C00CACA14 = {
						CreatedOnToolsVersion = 7.2.1;
						TestTargetID = A975AA101C799E2C00CACA14;
					};
				};
			};
			buildConfigurationList = A975AA0C1C799E2C00CACA14 /* Build configuration list for PBXProject "TestKVC_CoreData" */;
			compatibilityVersion = "Xcode 3.2";
			developmentRegion = English;
			hasScannedForEncodings = 0;
			knownRegions = (
				en,
				Base,
			);
			mainGroup = A975AA081C799E2C00CACA14;
			productRefGroup = A975AA121C799E2C00CACA14 /* Products */;
			projectDirPath = "";
			projectRoot = "";
			targets = (
				A975AA101C799E2C00CACA14 /* TestKVC_CoreData */,
				A975AA291C799E2C00CACA14 /* TestKVC_CoreDataTests */,
				A975AA341C799E2C00CACA14 /* TestKVC_CoreDataUITests */,
			);
		};
/* End PBXProject section */

/* Begin PBXResourcesBuildPhase section */
		A975AA0F1C799E2C00CACA14 /* Resources */ = {
			isa = PBXResourcesBuildPhase;
			buildActionMask = 2147483647;
			files = (
				87E42C011CDAF2E30018F3CA /* GPUImage.InstagramFilter.bundle in Resources */,
				87F847701CD9A297004FB431 /* shader.fsh in Resources */,
				A975AA541C79A5D400CACA14 /* TestKVOViewController.xib in Resources */,
				A975AA561C79A6DD00CACA14 /* ViewController.xib in Resources */,
				871D92AC1CD897E3009DF42C /* Shader1.fsh in Resources */,
				872AA3CD1CDA0C2E009988DC /* shader.vsh in Resources */,
				A975AA211C799E2C00CACA14 /* image.xcassets in Resources */,
				87F847721CD9A3CA004FB431 /* GPUImageCustomFilter.fsh in Resources */,
			);
			runOnlyForDeploymentPostprocessing = 0;
		};
		A975AA281C799E2C00CACA14 /* Resources */ = {
			isa = PBXResourcesBuildPhase;
			buildActionMask = 2147483647;
			files = (
			);
			runOnlyForDeploymentPostprocessing = 0;
		};
		A975AA331C799E2C00CACA14 /* Resources */ = {
			isa = PBXResourcesBuildPhase;
			buildActionMask = 2147483647;
			files = (
			);
			runOnlyForDeploymentPostprocessing = 0;
		};
/* End PBXResourcesBuildPhase section */

/* Begin PBXShellScriptBuildPhase section */
		190CDA0DB8554CA9A3F22F2C /* [CP] Copy Pods Resources */ = {
			isa = PBXShellScriptBuildPhase;
			buildActionMask = 2147483647;
			files = (
			);
			inputPaths = (
			);
			name = "[CP] Copy Pods Resources";
			outputPaths = (
			);
			runOnlyForDeploymentPostprocessing = 0;
			shellPath = /bin/sh;
			shellScript = "\"${SRCROOT}/Pods/Target Support Files/Pods-TestKVC_CoreDataTests/Pods-TestKVC_CoreDataTests-resources.sh\"\n";
			showEnvVarsInLog = 0;
		};
		1BB5D2BCFCA2EDAD08C31DBB /* [CP] Copy Pods Resources */ = {
			isa = PBXShellScriptBuildPhase;
			buildActionMask = 2147483647;
			files = (
			);
			inputPaths = (
			);
			name = "[CP] Copy Pods Resources";
			outputPaths = (
			);
			runOnlyForDeploymentPostprocessing = 0;
			shellPath = /bin/sh;
			shellScript = "\"${SRCROOT}/Pods/Target Support Files/Pods-TestKVC_CoreData/Pods-TestKVC_CoreData-resources.sh\"\n";
			showEnvVarsInLog = 0;
		};
		3A1196E50CC3949233E8C976 /* [CP] Check Pods Manifest.lock */ = {
			isa = PBXShellScriptBuildPhase;
			buildActionMask = 2147483647;
			files = (
			);
			inputPaths = (
			);
			name = "[CP] Check Pods Manifest.lock";
			outputPaths = (
			);
			runOnlyForDeploymentPostprocessing = 0;
			shellPath = /bin/sh;
			shellScript = "diff \"${PODS_ROOT}/../Podfile.lock\" \"${PODS_ROOT}/Manifest.lock\" > /dev/null\nif [[ $? != 0 ]] ; then\n    cat << EOM\nerror: The sandbox is not in sync with the Podfile.lock. Run 'pod install' or update your CocoaPods installation.\nEOM\n    exit 1\nfi\n";
			showEnvVarsInLog = 0;
		};
		75F5ECD3B21C776DA9AF4407 /* [CP] Copy Pods Resources */ = {
			isa = PBXShellScriptBuildPhase;
			buildActionMask = 2147483647;
			files = (
			);
			inputPaths = (
			);
			name = "[CP] Copy Pods Resources";
			outputPaths = (
			);
			runOnlyForDeploymentPostprocessing = 0;
			shellPath = /bin/sh;
			shellScript = "\"${SRCROOT}/Pods/Target Support Files/Pods-TestKVC_CoreDataUITests/Pods-TestKVC_CoreDataUITests-resources.sh\"\n";
			showEnvVarsInLog = 0;
		};
		85A9B9087870BF5614CD42E0 /* [CP] Check Pods Manifest.lock */ = {
			isa = PBXShellScriptBuildPhase;
			buildActionMask = 2147483647;
			files = (
			);
			inputPaths = (
			);
			name = "[CP] Check Pods Manifest.lock";
			outputPaths = (
			);
			runOnlyForDeploymentPostprocessing = 0;
			shellPath = /bin/sh;
			shellScript = "diff \"${PODS_ROOT}/../Podfile.lock\" \"${PODS_ROOT}/Manifest.lock\" > /dev/null\nif [[ $? != 0 ]] ; then\n    cat << EOM\nerror: The sandbox is not in sync with the Podfile.lock. Run 'pod install' or update your CocoaPods installation.\nEOM\n    exit 1\nfi\n";
			showEnvVarsInLog = 0;
		};
		9EDE81C0880B18B0DC9AD136 /* [CP] Embed Pods Frameworks */ = {
			isa = PBXShellScriptBuildPhase;
			buildActionMask = 2147483647;
			files = (
			);
			inputPaths = (
			);
			name = "[CP] Embed Pods Frameworks";
			outputPaths = (
			);
			runOnlyForDeploymentPostprocessing = 0;
			shellPath = /bin/sh;
			shellScript = "\"${SRCROOT}/Pods/Target Support Files/Pods-TestKVC_CoreDataTests/Pods-TestKVC_CoreDataTests-frameworks.sh\"\n";
			showEnvVarsInLog = 0;
		};
		C281A15AE4209A47E42E968C /* [CP] Check Pods Manifest.lock */ = {
			isa = PBXShellScriptBuildPhase;
			buildActionMask = 2147483647;
			files = (
			);
			inputPaths = (
			);
			name = "[CP] Check Pods Manifest.lock";
			outputPaths = (
			);
			runOnlyForDeploymentPostprocessing = 0;
			shellPath = /bin/sh;
			shellScript = "diff \"${PODS_ROOT}/../Podfile.lock\" \"${PODS_ROOT}/Manifest.lock\" > /dev/null\nif [[ $? != 0 ]] ; then\n    cat << EOM\nerror: The sandbox is not in sync with the Podfile.lock. Run 'pod install' or update your CocoaPods installation.\nEOM\n    exit 1\nfi\n";
			showEnvVarsInLog = 0;
		};
		E0A4948E3AA8A8645DC0306B /* [CP] Embed Pods Frameworks */ = {
			isa = PBXShellScriptBuildPhase;
			buildActionMask = 2147483647;
			files = (
			);
			inputPaths = (
			);
			name = "[CP] Embed Pods Frameworks";
			outputPaths = (
			);
			runOnlyForDeploymentPostprocessing = 0;
			shellPath = /bin/sh;
			shellScript = "\"${SRCROOT}/Pods/Target Support Files/Pods-TestKVC_CoreData/Pods-TestKVC_CoreData-frameworks.sh\"\n";
			showEnvVarsInLog = 0;
		};
/* End PBXShellScriptBuildPhase section */

/* Begin PBXSourcesBuildPhase section */
		A975AA0D1C799E2C00CACA14 /* Sources */ = {
			isa = PBXSourcesBuildPhase;
			buildActionMask = 2147483647;
			files = (
				749025011C858EA800DDE102 /* TestThreadViewController.m in Sources */,
				870412391D1917FB00E96D56 /* UIColor+Hex.m in Sources */,
				87E42C041CDAF2E30018F3CA /* IFBrannanFilter.m in Sources */,
				87E42C081CDAF2E30018F3CA /* IFImageFilter.m in Sources */,
				872BA6FC1CF2EACA00006CE1 /* LocalNotificationViewController.m in Sources */,
				87E83A9C1D2663DB000EB07F /* GRectangleLayer.m in Sources */,
				A975AA1C1C799E2C00CACA14 /* ViewController.m in Sources */,
				A975AA191C799E2C00CACA14 /* AppDelegate.m in Sources */,
				748C19441CA1281B0003D172 /* TransitionsViewController.m in Sources */,
				87E55B1B1CF5524B000C5EE4 /* CommentScrollView.m in Sources */,
				748C19471CA12C290003D172 /* ModelViewController.m in Sources */,
				A975AA591C79AE4D00CACA14 /* PersonJob.m in Sources */,
				87E42C021CDAF2E30018F3CA /* IF1977Filter.m in Sources */,
				A975AA491C79A16B00CACA14 /* TestPerson.m in Sources */,
				87E42C0A1CDAF2E30018F3CA /* IFLomofiFilter.m in Sources */,
				870412421D192B3200E96D56 /* WaveLayer.m in Sources */,
				746ACDD41C7FE92500803FF9 /* PropeScroViewViewController.m in Sources */,
				8704122E1D190BA700E96D56 /* WelcormeViewController.m in Sources */,
				87F9611C1CEEAD1A00D3AE55 /* POPViewController.m in Sources */,
				8704123C1D19217F00E96D56 /* TriangleLayer.m in Sources */,
				8704123F1D19293400E96D56 /* RectangleLayer.m in Sources */,
				87E42C101CDAF2E30018F3CA /* IFSutroFilter.m in Sources */,
				87E42C0D1CDAF2E30018F3CA /* IFNormalFilter.m in Sources */,
				878032431CDB337200278B85 /* InstagramViewController.m in Sources */,
				87E42C051CDAF2E30018F3CA /* IFEarlybirdFilter.m in Sources */,
				74B85CDE1C86C9F100CEF778 /* CornerRadiusTableViewCell.m in Sources */,
				87E573201CF6A571005F78F2 /* LocalNotificationViewModel.m in Sources */,
				871D92A71CD851BC009DF42C /* GJFiltersViewController.m in Sources */,
				87E42BD51CDAEF7D0018F3CA /* GPUImageFiveInputFilter.m in Sources */,
				87E42C061CDAF2E30018F3CA /* IFHefeFilter.m in Sources */,
				7495A9DA1C925E6D005CD95B /* CoreAnimationViewController.m in Sources */,
				87E42C0E1CDAF2E30018F3CA /* IFRiseFilter.m in Sources */,
				87E42C131CDAF2E30018F3CA /* IFWaldenFilter.m in Sources */,
				87E83A901D265880000EB07F /* PictureEditorViewController.m in Sources */,
				A975AA5C1C79B14600CACA14 /* PersonObServer.m in Sources */,
				87E42BD61CDAEF7D0018F3CA /* GPUImageFourInputFilter.m in Sources */,
				87E42C0F1CDAF2E30018F3CA /* IFSierraFilter.m in Sources */,
				87E42C071CDAF2E30018F3CA /* IFHudsonFilter.m in Sources */,
				87E42C121CDAF2E30018F3CA /* IFValenciaFilter.m in Sources */,
				87E42C0C1CDAF2E30018F3CA /* IFNashvilleFilter.m in Sources */,
				A975AA5F1C79B51A00CACA14 /* TestColor.m in Sources */,
				87E42C031CDAF2E30018F3CA /* IFAmaroFilter.m in Sources */,
				870412361D19154300E96D56 /* CycleLayer.m in Sources */,
				74B85CDB1C86C93000CEF778 /* CornerRadiusViewController.m in Sources */,
				87E42C0B1CDAF2E30018F3CA /* IFLordKelvinFilter.m in Sources */,
				87DD2B9F1CCF0D70005FA670 /* GJ_TransitionViewController.m in Sources */,
				870412321D190CB400E96D56 /* AnimationView.m in Sources */,
				87E55B181CF5521C000C5EE4 /* ContentScrollView.m in Sources */,
				A975AA161C799E2C00CACA14 /* main.m in Sources */,
				A94BAFD71C829A0C00FC7D4D /* StudyViewController.m in Sources */,
				87EEFECD1CF4552900A6A429 /* firstScrollView.m in Sources */,
				87DD2B9C1CCF0BA8005FA670 /* GJ_AnimationViewController.m in Sources */,
				A975AA4C1C79A32100CACA14 /* TestKVOViewController.m in Sources */,
				87E83A991D2663B9000EB07F /* GCycleLayer.m in Sources */,
				87EEFED01CF4563800A6A429 /* SecondScrollView.m in Sources */,
				748C194A1CA1315D0003D172 /* TransitionModel.m in Sources */,
				746ACDD71C7FFA4800803FF9 /* PropeTableViewViewController.m in Sources */,
				87E42C141CDAF2E30018F3CA /* IFXproIIFilter.m in Sources */,
				87DD2BA21CCF16C7005FA670 /* GJTransitionModel.m in Sources */,
				87E42C111CDAF2E30018F3CA /* IFToasterFilter.m in Sources */,
				87E42BD71CDAEF7D0018F3CA /* GPUImageSixInputFilter.m in Sources */,
				87E83A931D265A38000EB07F /* EditorView.m in Sources */,
				87EEFECA1CF4382800A6A429 /* ScrollVIewViewController.m in Sources */,
				87E42C091CDAF2E30018F3CA /* IFInkwellFilter.m in Sources */,
			);
			runOnlyForDeploymentPostprocessing = 0;
		};
		A975AA261C799E2C00CACA14 /* Sources */ = {
			isa = PBXSourcesBuildPhase;
			buildActionMask = 2147483647;
			files = (
				A975AA2F1C799E2C00CACA14 /* TestKVC_CoreDataTests.m in Sources */,
			);
			runOnlyForDeploymentPostprocessing = 0;
		};
		A975AA311C799E2C00CACA14 /* Sources */ = {
			isa = PBXSourcesBuildPhase;
			buildActionMask = 2147483647;
			files = (
				A975AA3A1C799E2C00CACA14 /* TestKVC_CoreDataUITests.m in Sources */,
			);
			runOnlyForDeploymentPostprocessing = 0;
		};
/* End PBXSourcesBuildPhase section */

/* Begin PBXTargetDependency section */
		A975AA2C1C799E2C00CACA14 /* PBXTargetDependency */ = {
			isa = PBXTargetDependency;
			target = A975AA101C799E2C00CACA14 /* TestKVC_CoreData */;
			targetProxy = A975AA2B1C799E2C00CACA14 /* PBXContainerItemProxy */;
		};
		A975AA371C799E2C00CACA14 /* PBXTargetDependency */ = {
			isa = PBXTargetDependency;
			target = A975AA101C799E2C00CACA14 /* TestKVC_CoreData */;
			targetProxy = A975AA361C799E2C00CACA14 /* PBXContainerItemProxy */;
		};
/* End PBXTargetDependency section */

/* Begin XCBuildConfiguration section */
		A975AA3C1C799E2C00CACA14 /* Debug */ = {
			isa = XCBuildConfiguration;
			buildSettings = {
				ALWAYS_SEARCH_USER_PATHS = NO;
				CLANG_CXX_LANGUAGE_STANDARD = "gnu++0x";
				CLANG_CXX_LIBRARY = "libc++";
				CLANG_ENABLE_MODULES = YES;
				CLANG_ENABLE_OBJC_ARC = YES;
				CLANG_WARN_BOOL_CONVERSION = YES;
				CLANG_WARN_CONSTANT_CONVERSION = YES;
				CLANG_WARN_DIRECT_OBJC_ISA_USAGE = YES_ERROR;
				CLANG_WARN_EMPTY_BODY = YES;
				CLANG_WARN_ENUM_CONVERSION = YES;
				CLANG_WARN_INT_CONVERSION = YES;
				CLANG_WARN_OBJC_ROOT_CLASS = YES_ERROR;
				CLANG_WARN_UNREACHABLE_CODE = YES;
				CLANG_WARN__DUPLICATE_METHOD_MATCH = YES;
				"CODE_SIGN_IDENTITY[sdk=iphoneos*]" = "iPhone Developer";
				COPY_PHASE_STRIP = NO;
				DEBUG_INFORMATION_FORMAT = dwarf;
				ENABLE_STRICT_OBJC_MSGSEND = YES;
				ENABLE_TESTABILITY = YES;
				GCC_C_LANGUAGE_STANDARD = gnu99;
				GCC_DYNAMIC_NO_PIC = NO;
				GCC_NO_COMMON_BLOCKS = YES;
				GCC_OPTIMIZATION_LEVEL = 0;
				GCC_PREPROCESSOR_DEFINITIONS = (
					"DEBUG=1",
					"$(inherited)",
				);
				GCC_WARN_64_TO_32_BIT_CONVERSION = YES;
				GCC_WARN_ABOUT_RETURN_TYPE = YES_ERROR;
				GCC_WARN_UNDECLARED_SELECTOR = YES;
				GCC_WARN_UNINITIALIZED_AUTOS = YES_AGGRESSIVE;
				GCC_WARN_UNUSED_FUNCTION = YES;
				GCC_WARN_UNUSED_VARIABLE = YES;
				IPHONEOS_DEPLOYMENT_TARGET = 9.2;
				MTL_ENABLE_DEBUG_INFO = YES;
				ONLY_ACTIVE_ARCH = YES;
				SDKROOT = iphoneos;
			};
			name = Debug;
		};
		A975AA3D1C799E2C00CACA14 /* Release */ = {
			isa = XCBuildConfiguration;
			buildSettings = {
				ALWAYS_SEARCH_USER_PATHS = NO;
				CLANG_CXX_LANGUAGE_STANDARD = "gnu++0x";
				CLANG_CXX_LIBRARY = "libc++";
				CLANG_ENABLE_MODULES = YES;
				CLANG_ENABLE_OBJC_ARC = YES;
				CLANG_WARN_BOOL_CONVERSION = YES;
				CLANG_WARN_CONSTANT_CONVERSION = YES;
				CLANG_WARN_DIRECT_OBJC_ISA_USAGE = YES_ERROR;
				CLANG_WARN_EMPTY_BODY = YES;
				CLANG_WARN_ENUM_CONVERSION = YES;
				CLANG_WARN_INT_CONVERSION = YES;
				CLANG_WARN_OBJC_ROOT_CLASS = YES_ERROR;
				CLANG_WARN_UNREACHABLE_CODE = YES;
				CLANG_WARN__DUPLICATE_METHOD_MATCH = YES;
				"CODE_SIGN_IDENTITY[sdk=iphoneos*]" = "iPhone Developer";
				COPY_PHASE_STRIP = NO;
				DEBUG_INFORMATION_FORMAT = "dwarf-with-dsym";
				ENABLE_NS_ASSERTIONS = NO;
				ENABLE_STRICT_OBJC_MSGSEND = YES;
				GCC_C_LANGUAGE_STANDARD = gnu99;
				GCC_NO_COMMON_BLOCKS = YES;
				GCC_WARN_64_TO_32_BIT_CONVERSION = YES;
				GCC_WARN_ABOUT_RETURN_TYPE = YES_ERROR;
				GCC_WARN_UNDECLARED_SELECTOR = YES;
				GCC_WARN_UNINITIALIZED_AUTOS = YES_AGGRESSIVE;
				GCC_WARN_UNUSED_FUNCTION = YES;
				GCC_WARN_UNUSED_VARIABLE = YES;
				IPHONEOS_DEPLOYMENT_TARGET = 9.2;
				MTL_ENABLE_DEBUG_INFO = NO;
				SDKROOT = iphoneos;
				VALIDATE_PRODUCT = YES;
			};
			name = Release;
		};
		A975AA3F1C799E2C00CACA14 /* Debug */ = {
			isa = XCBuildConfiguration;
			baseConfigurationReference = 8E4838B72DF92360462E2E8E /* Pods-TestKVC_CoreData.debug.xcconfig */;
			buildSettings = {
				ASSETCATALOG_COMPILER_APPICON_NAME = AppIcon;
				CODE_SIGN_IDENTITY = "iPhone Developer";
				"CODE_SIGN_IDENTITY[sdk=iphoneos*]" = "iPhone Developer";
				INFOPLIST_FILE = TestKVC_CoreData/Info.plist;
				LD_RUNPATH_SEARCH_PATHS = "$(inherited) @executable_path/Frameworks";
				PRODUCT_BUNDLE_IDENTIFIER = com.genju.66yxq;
				PRODUCT_NAME = "$(TARGET_NAME)";
				PROVISIONING_PROFILE = "";
			};
			name = Debug;
		};
		A975AA401C799E2C00CACA14 /* Release */ = {
			isa = XCBuildConfiguration;
			baseConfigurationReference = FF9793CE0DCE4D0D2FD5EA67 /* Pods-TestKVC_CoreData.release.xcconfig */;
			buildSettings = {
				ASSETCATALOG_COMPILER_APPICON_NAME = AppIcon;
				CODE_SIGN_IDENTITY = "iPhone Developer";
				"CODE_SIGN_IDENTITY[sdk=iphoneos*]" = "iPhone Developer";
				INFOPLIST_FILE = TestKVC_CoreData/Info.plist;
				LD_RUNPATH_SEARCH_PATHS = "$(inherited) @executable_path/Frameworks";
				PRODUCT_BUNDLE_IDENTIFIER = com.genju.66yxq;
				PRODUCT_NAME = "$(TARGET_NAME)";
				PROVISIONING_PROFILE = "";
			};
			name = Release;
		};
		A975AA421C799E2C00CACA14 /* Debug */ = {
			isa = XCBuildConfiguration;
			baseConfigurationReference = BDF7346C15F90A4F04F74D44 /* Pods-TestKVC_CoreDataTests.debug.xcconfig */;
			buildSettings = {
				BUNDLE_LOADER = "$(TEST_HOST)";
				INFOPLIST_FILE = TestKVC_CoreDataTests/Info.plist;
				LD_RUNPATH_SEARCH_PATHS = "$(inherited) @executable_path/Frameworks @loader_path/Frameworks";
				PRODUCT_BUNDLE_IDENTIFIER = "fengche.com.TestKVC-CoreDataTests";
				PRODUCT_NAME = "$(TARGET_NAME)";
				TEST_HOST = "$(BUILT_PRODUCTS_DIR)/TestKVC_CoreData.app/TestKVC_CoreData";
			};
			name = Debug;
		};
		A975AA431C799E2C00CACA14 /* Release */ = {
			isa = XCBuildConfiguration;
			baseConfigurationReference = F3B713F31FA70D93C5DB46E1 /* Pods-TestKVC_CoreDataTests.release.xcconfig */;
			buildSettings = {
				BUNDLE_LOADER = "$(TEST_HOST)";
				INFOPLIST_FILE = TestKVC_CoreDataTests/Info.plist;
				LD_RUNPATH_SEARCH_PATHS = "$(inherited) @executable_path/Frameworks @loader_path/Frameworks";
				PRODUCT_BUNDLE_IDENTIFIER = "fengche.com.TestKVC-CoreDataTests";
				PRODUCT_NAME = "$(TARGET_NAME)";
				TEST_HOST = "$(BUILT_PRODUCTS_DIR)/TestKVC_CoreData.app/TestKVC_CoreData";
			};
			name = Release;
		};
		A975AA451C799E2C00CACA14 /* Debug */ = {
			isa = XCBuildConfiguration;
			baseConfigurationReference = 88B241A3C1209D00EAD9FAFE /* Pods-TestKVC_CoreDataUITests.debug.xcconfig */;
			buildSettings = {
				INFOPLIST_FILE = TestKVC_CoreDataUITests/Info.plist;
				LD_RUNPATH_SEARCH_PATHS = "$(inherited) @executable_path/Frameworks @loader_path/Frameworks";
				PRODUCT_BUNDLE_IDENTIFIER = "fengche.com.TestKVC-CoreDataUITests";
				PRODUCT_NAME = "$(TARGET_NAME)";
				TEST_TARGET_NAME = TestKVC_CoreData;
				USES_XCTRUNNER = YES;
			};
			name = Debug;
		};
		A975AA461C799E2C00CACA14 /* Release */ = {
			isa = XCBuildConfiguration;
			baseConfigurationReference = 0474A2375ED30E4182E2611D /* Pods-TestKVC_CoreDataUITests.release.xcconfig */;
			buildSettings = {
				INFOPLIST_FILE = TestKVC_CoreDataUITests/Info.plist;
				LD_RUNPATH_SEARCH_PATHS = "$(inherited) @executable_path/Frameworks @loader_path/Frameworks";
				PRODUCT_BUNDLE_IDENTIFIER = "fengche.com.TestKVC-CoreDataUITests";
				PRODUCT_NAME = "$(TARGET_NAME)";
				TEST_TARGET_NAME = TestKVC_CoreData;
				USES_XCTRUNNER = YES;
			};
			name = Release;
		};
/* End XCBuildConfiguration section */

/* Begin XCConfigurationList section */
		A975AA0C1C799E2C00CACA14 /* Build configuration list for PBXProject "TestKVC_CoreData" */ = {
			isa = XCConfigurationList;
			buildConfigurations = (
				A975AA3C1C799E2C00CACA14 /* Debug */,
				A975AA3D1C799E2C00CACA14 /* Release */,
			);
			defaultConfigurationIsVisible = 0;
			defaultConfigurationName = Release;
		};
		A975AA3E1C799E2C00CACA14 /* Build configuration list for PBXNativeTarget "TestKVC_CoreData" */ = {
			isa = XCConfigurationList;
			buildConfigurations = (
				A975AA3F1C799E2C00CACA14 /* Debug */,
				A975AA401C799E2C00CACA14 /* Release */,
			);
			defaultConfigurationIsVisible = 0;
			defaultConfigurationName = Release;
		};
		A975AA411C799E2C00CACA14 /* Build configuration list for PBXNativeTarget "TestKVC_CoreDataTests" */ = {
			isa = XCConfigurationList;
			buildConfigurations = (
				A975AA421C799E2C00CACA14 /* Debug */,
				A975AA431C799E2C00CACA14 /* Release */,
			);
			defaultConfigurationIsVisible = 0;
			defaultConfigurationName = Release;
		};
		A975AA441C799E2C00CACA14 /* Build configuration list for PBXNativeTarget "TestKVC_CoreDataUITests" */ = {
			isa = XCConfigurationList;
			buildConfigurations = (
				A975AA451C799E2C00CACA14 /* Debug */,
				A975AA461C799E2C00CACA14 /* Release */,
			);
			defaultConfigurationIsVisible = 0;
			defaultConfigurationName = Release;
		};
/* End XCConfigurationList section */
	};
	rootObject = A975AA091C799E2C00CACA14 /* Project object */;
}
