// !$*UTF8*$!
{
	archiveVersion = 1;
	classes = {
	};
	objectVersion = 46;
	objects = {

/* Begin PBXBuildFile section */
		746ACDD41C7FE92500803FF9 /* PropeScroViewViewController.m in Sources */ = {isa = PBXBuildFile; fileRef = 746ACDD31C7FE92500803FF9 /* PropeScroViewViewController.m */; };
		746ACDD71C7FFA4800803FF9 /* PropeTableViewViewController.m in Sources */ = {isa = PBXBuildFile; fileRef = 746ACDD61C7FFA4800803FF9 /* PropeTableViewViewController.m */; };
		748C19441CA1281B0003D172 /* TransitionsViewController.m in Sources */ = {isa = PBXBuildFile; fileRef = 748C19431CA1281B0003D172 /* TransitionsViewController.m */; };
		748C19471CA12C290003D172 /* ModelViewController.m in Sources */ = {isa = PBXBuildFile; fileRef = 748C19461CA12C290003D172 /* ModelViewController.m */; };
		748C194A1CA1315D0003D172 /* TransitionModel.m in Sources */ = {isa = PBXBuildFile; fileRef = 748C19491CA1315D0003D172 /* TransitionModel.m */; };
		749025011C858EA800DDE102 /* TestThreadViewController.m in Sources */ = {isa = PBXBuildFile; fileRef = 749025001C858EA800DDE102 /* TestThreadViewController.m */; };
		7495A9DA1C925E6D005CD95B /* CoreAnimationViewController.m in Sources */ = {isa = PBXBuildFile; fileRef = 7495A9D91C925E6D005CD95B /* CoreAnimationViewController.m */; };
		7495A9DC1C9262F8005CD95B /* QuartzCore.framework in Frameworks */ = {isa = PBXBuildFile; fileRef = 7495A9DB1C9262F8005CD95B /* QuartzCore.framework */; };
		74B85CDB1C86C93000CEF778 /* CornerRadiusViewController.m in Sources */ = {isa = PBXBuildFile; fileRef = 74B85CDA1C86C93000CEF778 /* CornerRadiusViewController.m */; };
		74B85CDE1C86C9F100CEF778 /* CornerRadiusTableViewCell.m in Sources */ = {isa = PBXBuildFile; fileRef = 74B85CDD1C86C9F100CEF778 /* CornerRadiusTableViewCell.m */; };
		813FF018F3B35A61EE532362 /* libPods-TestKVC_CoreData.a in Frameworks */ = {isa = PBXBuildFile; fileRef = 063979419D7C68BFC0089328 /* libPods-TestKVC_CoreData.a */; };
		A94BAFD71C829A0C00FC7D4D /* StudyViewController.m in Sources */ = {isa = PBXBuildFile; fileRef = A94BAFD61C829A0C00FC7D4D /* StudyViewController.m */; };
		A975AA161C799E2C00CACA14 /* main.m in Sources */ = {isa = PBXBuildFile; fileRef = A975AA151C799E2C00CACA14 /* main.m */; };
		A975AA191C799E2C00CACA14 /* AppDelegate.m in Sources */ = {isa = PBXBuildFile; fileRef = A975AA181C799E2C00CACA14 /* AppDelegate.m */; };
		A975AA1C1C799E2C00CACA14 /* ViewController.m in Sources */ = {isa = PBXBuildFile; fileRef = A975AA1B1C799E2C00CACA14 /* ViewController.m */; };
		A975AA211C799E2C00CACA14 /* image.xcassets in Resources */ = {isa = PBXBuildFile; fileRef = A975AA201C799E2C00CACA14 /* image.xcassets */; };
		A975AA2F1C799E2C00CACA14 /* TestKVC_CoreDataTests.m in Sources */ = {isa = PBXBuildFile; fileRef = A975AA2E1C799E2C00CACA14 /* TestKVC_CoreDataTests.m */; };
		A975AA3A1C799E2C00CACA14 /* TestKVC_CoreDataUITests.m in Sources */ = {isa = PBXBuildFile; fileRef = A975AA391C799E2C00CACA14 /* TestKVC_CoreDataUITests.m */; };
		A975AA491C79A16B00CACA14 /* TestPerson.m in Sources */ = {isa = PBXBuildFile; fileRef = A975AA481C79A16B00CACA14 /* TestPerson.m */; };
		A975AA4C1C79A32100CACA14 /* TestKVOViewController.m in Sources */ = {isa = PBXBuildFile; fileRef = A975AA4B1C79A32100CACA14 /* TestKVOViewController.m */; };
		A975AA541C79A5D400CACA14 /* TestKVOViewController.xib in Resources */ = {isa = PBXBuildFile; fileRef = A975AA531C79A5D400CACA14 /* TestKVOViewController.xib */; };
		A975AA561C79A6DD00CACA14 /* ViewController.xib in Resources */ = {isa = PBXBuildFile; fileRef = A975AA551C79A6DD00CACA14 /* ViewController.xib */; };
		A975AA591C79AE4D00CACA14 /* PersonJob.m in Sources */ = {isa = PBXBuildFile; fileRef = A975AA581C79AE4D00CACA14 /* PersonJob.m */; };
		A975AA5C1C79B14600CACA14 /* PersonObServer.m in Sources */ = {isa = PBXBuildFile; fileRef = A975AA5B1C79B14600CACA14 /* PersonObServer.m */; };
		A975AA5F1C79B51A00CACA14 /* TestColor.m in Sources */ = {isa = PBXBuildFile; fileRef = A975AA5E1C79B51A00CACA14 /* TestColor.m */; };
/* End PBXBuildFile section */

/* Begin PBXContainerItemProxy section */
		A975AA2B1C799E2C00CACA14 /* PBXContainerItemProxy */ = {
			isa = PBXContainerItemProxy;
			containerPortal = A975AA091C799E2C00CACA14 /* Project object */;
			proxyType = 1;
			remoteGlobalIDString = A975AA101C799E2C00CACA14;
			remoteInfo = TestKVC_CoreData;
		};
		A975AA361C799E2C00CACA14 /* PBXContainerItemProxy */ = {
			isa = PBXContainerItemProxy;
			containerPortal = A975AA091C799E2C00CACA14 /* Project object */;
			proxyType = 1;
			remoteGlobalIDString = A975AA101C799E2C00CACA14;
			remoteInfo = TestKVC_CoreData;
		};
/* End PBXContainerItemProxy section */

/* Begin PBXFileReference section */
		063979419D7C68BFC0089328 /* libPods-TestKVC_CoreData.a */ = {isa = PBXFileReference; explicitFileType = archive.ar; includeInIndex = 0; path = "libPods-TestKVC_CoreData.a"; sourceTree = BUILT_PRODUCTS_DIR; };
		67E672119099E08C054FE353 /* Pods-TestKVC_CoreData.debug.xcconfig */ = {isa = PBXFileReference; includeInIndex = 1; lastKnownFileType = text.xcconfig; name = "Pods-TestKVC_CoreData.debug.xcconfig"; path = "Pods/Target Support Files/Pods-TestKVC_CoreData/Pods-TestKVC_CoreData.debug.xcconfig"; sourceTree = "<group>"; };
		746ACDD21C7FE92500803FF9 /* PropeScroViewViewController.h */ = {isa = PBXFileReference; fileEncoding = 4; lastKnownFileType = sourcecode.c.h; path = PropeScroViewViewController.h; sourceTree = "<group>"; };
		746ACDD31C7FE92500803FF9 /* PropeScroViewViewController.m */ = {isa = PBXFileReference; fileEncoding = 4; lastKnownFileType = sourcecode.c.objc; path = PropeScroViewViewController.m; sourceTree = "<group>"; };
		746ACDD51C7FFA4800803FF9 /* PropeTableViewViewController.h */ = {isa = PBXFileReference; fileEncoding = 4; lastKnownFileType = sourcecode.c.h; path = PropeTableViewViewController.h; sourceTree = "<group>"; };
		746ACDD61C7FFA4800803FF9 /* PropeTableViewViewController.m */ = {isa = PBXFileReference; fileEncoding = 4; lastKnownFileType = sourcecode.c.objc; path = PropeTableViewViewController.m; sourceTree = "<group>"; };
		748C19421CA1281B0003D172 /* TransitionsViewController.h */ = {isa = PBXFileReference; fileEncoding = 4; lastKnownFileType = sourcecode.c.h; path = TransitionsViewController.h; sourceTree = "<group>"; };
		748C19431CA1281B0003D172 /* TransitionsViewController.m */ = {isa = PBXFileReference; fileEncoding = 4; lastKnownFileType = sourcecode.c.objc; path = TransitionsViewController.m; sourceTree = "<group>"; };
		748C19451CA12C290003D172 /* ModelViewController.h */ = {isa = PBXFileReference; fileEncoding = 4; lastKnownFileType = sourcecode.c.h; path = ModelViewController.h; sourceTree = "<group>"; };
		748C19461CA12C290003D172 /* ModelViewController.m */ = {isa = PBXFileReference; fileEncoding = 4; lastKnownFileType = sourcecode.c.objc; path = ModelViewController.m; sourceTree = "<group>"; };
		748C19481CA1315D0003D172 /* TransitionModel.h */ = {isa = PBXFileReference; fileEncoding = 4; lastKnownFileType = sourcecode.c.h; path = TransitionModel.h; sourceTree = "<group>"; };
		748C19491CA1315D0003D172 /* TransitionModel.m */ = {isa = PBXFileReference; fileEncoding = 4; lastKnownFileType = sourcecode.c.objc; path = TransitionModel.m; sourceTree = "<group>"; };
		749024FF1C858EA800DDE102 /* TestThreadViewController.h */ = {isa = PBXFileReference; fileEncoding = 4; lastKnownFileType = sourcecode.c.h; path = TestThreadViewController.h; sourceTree = "<group>"; };
		749025001C858EA800DDE102 /* TestThreadViewController.m */ = {isa = PBXFileReference; fileEncoding = 4; lastKnownFileType = sourcecode.c.objc; path = TestThreadViewController.m; sourceTree = "<group>"; };
		7495A9D81C925E6D005CD95B /* CoreAnimationViewController.h */ = {isa = PBXFileReference; fileEncoding = 4; lastKnownFileType = sourcecode.c.h; path = CoreAnimationViewController.h; sourceTree = "<group>"; };
		7495A9D91C925E6D005CD95B /* CoreAnimationViewController.m */ = {isa = PBXFileReference; fileEncoding = 4; lastKnownFileType = sourcecode.c.objc; path = CoreAnimationViewController.m; sourceTree = "<group>"; };
		7495A9DB1C9262F8005CD95B /* QuartzCore.framework */ = {isa = PBXFileReference; lastKnownFileType = wrapper.framework; name = QuartzCore.framework; path = System/Library/Frameworks/QuartzCore.framework; sourceTree = SDKROOT; };
		74B85CD91C86C93000CEF778 /* CornerRadiusViewController.h */ = {isa = PBXFileReference; fileEncoding = 4; lastKnownFileType = sourcecode.c.h; path = CornerRadiusViewController.h; sourceTree = "<group>"; };
		74B85CDA1C86C93000CEF778 /* CornerRadiusViewController.m */ = {isa = PBXFileReference; fileEncoding = 4; lastKnownFileType = sourcecode.c.objc; path = CornerRadiusViewController.m; sourceTree = "<group>"; };
		74B85CDC1C86C9F100CEF778 /* CornerRadiusTableViewCell.h */ = {isa = PBXFileReference; fileEncoding = 4; lastKnownFileType = sourcecode.c.h; path = CornerRadiusTableViewCell.h; sourceTree = "<group>"; };
		74B85CDD1C86C9F100CEF778 /* CornerRadiusTableViewCell.m */ = {isa = PBXFileReference; fileEncoding = 4; lastKnownFileType = sourcecode.c.objc; path = CornerRadiusTableViewCell.m; sourceTree = "<group>"; };
		93EBAFA40ACBDEAB5954E606 /* Pods-TestKVC_CoreData.release.xcconfig */ = {isa = PBXFileReference; includeInIndex = 1; lastKnownFileType = text.xcconfig; name = "Pods-TestKVC_CoreData.release.xcconfig"; path = "Pods/Target Support Files/Pods-TestKVC_CoreData/Pods-TestKVC_CoreData.release.xcconfig"; sourceTree = "<group>"; };
		A94BAFD51C829A0C00FC7D4D /* StudyViewController.h */ = {isa = PBXFileReference; fileEncoding = 4; lastKnownFileType = sourcecode.c.h; path = StudyViewController.h; sourceTree = "<group>"; };
		A94BAFD61C829A0C00FC7D4D /* StudyViewController.m */ = {isa = PBXFileReference; fileEncoding = 4; lastKnownFileType = sourcecode.c.objc; path = StudyViewController.m; sourceTree = "<group>"; };
		A975AA111C799E2C00CACA14 /* TestKVC_CoreData.app */ = {isa = PBXFileReference; explicitFileType = wrapper.application; includeInIndex = 0; path = TestKVC_CoreData.app; sourceTree = BUILT_PRODUCTS_DIR; };
		A975AA151C799E2C00CACA14 /* main.m */ = {isa = PBXFileReference; lastKnownFileType = sourcecode.c.objc; path = main.m; sourceTree = "<group>"; };
		A975AA171C799E2C00CACA14 /* AppDelegate.h */ = {isa = PBXFileReference; lastKnownFileType = sourcecode.c.h; path = AppDelegate.h; sourceTree = "<group>"; };
		A975AA181C799E2C00CACA14 /* AppDelegate.m */ = {isa = PBXFileReference; lastKnownFileType = sourcecode.c.objc; path = AppDelegate.m; sourceTree = "<group>"; };
		A975AA1A1C799E2C00CACA14 /* ViewController.h */ = {isa = PBXFileReference; lastKnownFileType = sourcecode.c.h; path = ViewController.h; sourceTree = "<group>"; };
		A975AA1B1C799E2C00CACA14 /* ViewController.m */ = {isa = PBXFileReference; lastKnownFileType = sourcecode.c.objc; path = ViewController.m; sourceTree = "<group>"; };
		A975AA201C799E2C00CACA14 /* image.xcassets */ = {isa = PBXFileReference; lastKnownFileType = folder.assetcatalog; path = image.xcassets; sourceTree = "<group>"; };
		A975AA251C799E2C00CACA14 /* Info.plist */ = {isa = PBXFileReference; lastKnownFileType = text.plist.xml; path = Info.plist; sourceTree = "<group>"; };
		A975AA2A1C799E2C00CACA14 /* TestKVC_CoreDataTests.xctest */ = {isa = PBXFileReference; explicitFileType = wrapper.cfbundle; includeInIndex = 0; path = TestKVC_CoreDataTests.xctest; sourceTree = BUILT_PRODUCTS_DIR; };
		A975AA2E1C799E2C00CACA14 /* TestKVC_CoreDataTests.m */ = {isa = PBXFileReference; lastKnownFileType = sourcecode.c.objc; path = TestKVC_CoreDataTests.m; sourceTree = "<group>"; };
		A975AA301C799E2C00CACA14 /* Info.plist */ = {isa = PBXFileReference; lastKnownFileType = text.plist.xml; path = Info.plist; sourceTree = "<group>"; };
		A975AA351C799E2C00CACA14 /* TestKVC_CoreDataUITests.xctest */ = {isa = PBXFileReference; explicitFileType = wrapper.cfbundle; includeInIndex = 0; path = TestKVC_CoreDataUITests.xctest; sourceTree = BUILT_PRODUCTS_DIR; };
		A975AA391C799E2C00CACA14 /* TestKVC_CoreDataUITests.m */ = {isa = PBXFileReference; lastKnownFileType = sourcecode.c.objc; path = TestKVC_CoreDataUITests.m; sourceTree = "<group>"; };
		A975AA3B1C799E2C00CACA14 /* Info.plist */ = {isa = PBXFileReference; lastKnownFileType = text.plist.xml; path = Info.plist; sourceTree = "<group>"; };
		A975AA471C79A16B00CACA14 /* TestPerson.h */ = {isa = PBXFileReference; fileEncoding = 4; lastKnownFileType = sourcecode.c.h; path = TestPerson.h; sourceTree = "<group>"; };
		A975AA481C79A16B00CACA14 /* TestPerson.m */ = {isa = PBXFileReference; fileEncoding = 4; lastKnownFileType = sourcecode.c.objc; path = TestPerson.m; sourceTree = "<group>"; };
		A975AA4A1C79A32100CACA14 /* TestKVOViewController.h */ = {isa = PBXFileReference; fileEncoding = 4; lastKnownFileType = sourcecode.c.h; path = TestKVOViewController.h; sourceTree = "<group>"; };
		A975AA4B1C79A32100CACA14 /* TestKVOViewController.m */ = {isa = PBXFileReference; fileEncoding = 4; lastKnownFileType = sourcecode.c.objc; path = TestKVOViewController.m; sourceTree = "<group>"; };
		A975AA531C79A5D400CACA14 /* TestKVOViewController.xib */ = {isa = PBXFileReference; fileEncoding = 4; lastKnownFileType = file.xib; path = TestKVOViewController.xib; sourceTree = "<group>"; };
		A975AA551C79A6DD00CACA14 /* ViewController.xib */ = {isa = PBXFileReference; fileEncoding = 4; lastKnownFileType = file.xib; path = ViewController.xib; sourceTree = "<group>"; };
		A975AA571C79AE4D00CACA14 /* PersonJob.h */ = {isa = PBXFileReference; fileEncoding = 4; lastKnownFileType = sourcecode.c.h; path = PersonJob.h; sourceTree = "<group>"; };
		A975AA581C79AE4D00CACA14 /* PersonJob.m */ = {isa = PBXFileReference; fileEncoding = 4; lastKnownFileType = sourcecode.c.objc; path = PersonJob.m; sourceTree = "<group>"; };
		A975AA5A1C79B14600CACA14 /* PersonObServer.h */ = {isa = PBXFileReference; fileEncoding = 4; lastKnownFileType = sourcecode.c.h; path = PersonObServer.h; sourceTree = "<group>"; };
		A975AA5B1C79B14600CACA14 /* PersonObServer.m */ = {isa = PBXFileReference; fileEncoding = 4; lastKnownFileType = sourcecode.c.objc; path = PersonObServer.m; sourceTree = "<group>"; };
		A975AA5D1C79B51A00CACA14 /* TestColor.h */ = {isa = PBXFileReference; fileEncoding = 4; lastKnownFileType = sourcecode.c.h; path = TestColor.h; sourceTree = "<group>"; };
		A975AA5E1C79B51A00CACA14 /* TestColor.m */ = {isa = PBXFileReference; fileEncoding = 4; lastKnownFileType = sourcecode.c.objc; path = TestColor.m; sourceTree = "<group>"; };
/* End PBXFileReference section */

/* Begin PBXFrameworksBuildPhase section */
		A975AA0E1C799E2C00CACA14 /* Frameworks */ = {
			isa = PBXFrameworksBuildPhase;
			buildActionMask = 2147483647;
			files = (
				7495A9DC1C9262F8005CD95B /* QuartzCore.framework in Frameworks */,
				813FF018F3B35A61EE532362 /* libPods-TestKVC_CoreData.a in Frameworks */,
			);
			runOnlyForDeploymentPostprocessing = 0;
		};
		A975AA271C799E2C00CACA14 /* Frameworks */ = {
			isa = PBXFrameworksBuildPhase;
			buildActionMask = 2147483647;
			files = (
			);
			runOnlyForDeploymentPostprocessing = 0;
		};
		A975AA321C799E2C00CACA14 /* Frameworks */ = {
			isa = PBXFrameworksBuildPhase;
			buildActionMask = 2147483647;
			files = (
			);
			runOnlyForDeploymentPostprocessing = 0;
		};
/* End PBXFrameworksBuildPhase section */

/* Begin PBXGroup section */
		6C8C7E9209E5B1B03EA4DF5E /* Pods */ = {
			isa = PBXGroup;
			children = (
				67E672119099E08C054FE353 /* Pods-TestKVC_CoreData.debug.xcconfig */,
				93EBAFA40ACBDEAB5954E606 /* Pods-TestKVC_CoreData.release.xcconfig */,
			);
			name = Pods;
			sourceTree = "<group>";
		};
		A975AA081C799E2C00CACA14 = {
			isa = PBXGroup;
			children = (
				A975AA131C799E2C00CACA14 /* TestKVC_CoreData */,
				A975AA2D1C799E2C00CACA14 /* TestKVC_CoreDataTests */,
				A975AA381C799E2C00CACA14 /* TestKVC_CoreDataUITests */,
				A975AA121C799E2C00CACA14 /* Products */,
				6C8C7E9209E5B1B03EA4DF5E /* Pods */,
				D3FF3C3900890BE9007C94A8 /* Frameworks */,
			);
			sourceTree = "<group>";
		};
		A975AA121C799E2C00CACA14 /* Products */ = {
			isa = PBXGroup;
			children = (
				A975AA111C799E2C00CACA14 /* TestKVC_CoreData.app */,
				A975AA2A1C799E2C00CACA14 /* TestKVC_CoreDataTests.xctest */,
				A975AA351C799E2C00CACA14 /* TestKVC_CoreDataUITests.xctest */,
			);
			name = Products;
			sourceTree = "<group>";
		};
		A975AA131C799E2C00CACA14 /* TestKVC_CoreData */ = {
			isa = PBXGroup;
			children = (
				A975AA171C799E2C00CACA14 /* AppDelegate.h */,
				A975AA181C799E2C00CACA14 /* AppDelegate.m */,
				A975AA1A1C799E2C00CACA14 /* ViewController.h */,
				A975AA1B1C799E2C00CACA14 /* ViewController.m */,
				A975AA551C79A6DD00CACA14 /* ViewController.xib */,
				746ACDD21C7FE92500803FF9 /* PropeScroViewViewController.h */,
				746ACDD31C7FE92500803FF9 /* PropeScroViewViewController.m */,
				746ACDD51C7FFA4800803FF9 /* PropeTableViewViewController.h */,
				746ACDD61C7FFA4800803FF9 /* PropeTableViewViewController.m */,
				A94BAFD51C829A0C00FC7D4D /* StudyViewController.h */,
				A94BAFD61C829A0C00FC7D4D /* StudyViewController.m */,
				74B85CD91C86C93000CEF778 /* CornerRadiusViewController.h */,
				74B85CDA1C86C93000CEF778 /* CornerRadiusViewController.m */,
				74B85CDC1C86C9F100CEF778 /* CornerRadiusTableViewCell.h */,
				74B85CDD1C86C9F100CEF778 /* CornerRadiusTableViewCell.m */,
				749024FF1C858EA800DDE102 /* TestThreadViewController.h */,
				749025001C858EA800DDE102 /* TestThreadViewController.m */,
				7495A9D81C925E6D005CD95B /* CoreAnimationViewController.h */,
				7495A9D91C925E6D005CD95B /* CoreAnimationViewController.m */,
				748C19421CA1281B0003D172 /* TransitionsViewController.h */,
				748C19431CA1281B0003D172 /* TransitionsViewController.m */,
				748C19481CA1315D0003D172 /* TransitionModel.h */,
				748C19491CA1315D0003D172 /* TransitionModel.m */,
				748C19451CA12C290003D172 /* ModelViewController.h */,
				748C19461CA12C290003D172 /* ModelViewController.m */,
				A975AA4A1C79A32100CACA14 /* TestKVOViewController.h */,
				A975AA4B1C79A32100CACA14 /* TestKVOViewController.m */,
				A975AA531C79A5D400CACA14 /* TestKVOViewController.xib */,
				A975AA471C79A16B00CACA14 /* TestPerson.h */,
				A975AA481C79A16B00CACA14 /* TestPerson.m */,
				A975AA571C79AE4D00CACA14 /* PersonJob.h */,
				A975AA581C79AE4D00CACA14 /* PersonJob.m */,
				A975AA5A1C79B14600CACA14 /* PersonObServer.h */,
				A975AA5B1C79B14600CACA14 /* PersonObServer.m */,
				A975AA5D1C79B51A00CACA14 /* TestColor.h */,
				A975AA5E1C79B51A00CACA14 /* TestColor.m */,
				A975AA201C799E2C00CACA14 /* image.xcassets */,
				A975AA251C799E2C00CACA14 /* Info.plist */,
				A975AA141C799E2C00CACA14 /* Supporting Files */,
			);
			path = TestKVC_CoreData;
			sourceTree = "<group>";
		};
		A975AA141C799E2C00CACA14 /* Supporting Files */ = {
			isa = PBXGroup;
			children = (
				A975AA151C799E2C00CACA14 /* main.m */,
			);
			name = "Supporting Files";
			sourceTree = "<group>";
		};
		A975AA2D1C799E2C00CACA14 /* TestKVC_CoreDataTests */ = {
			isa = PBXGroup;
			children = (
				A975AA2E1C799E2C00CACA14 /* TestKVC_CoreDataTests.m */,
				A975AA301C799E2C00CACA14 /* Info.plist */,
			);
			path = TestKVC_CoreDataTests;
			sourceTree = "<group>";
		};
		A975AA381C799E2C00CACA14 /* TestKVC_CoreDataUITests */ = {
			isa = PBXGroup;
			children = (
				A975AA391C799E2C00CACA14 /* TestKVC_CoreDataUITests.m */,
				A975AA3B1C799E2C00CACA14 /* Info.plist */,
			);
			path = TestKVC_CoreDataUITests;
			sourceTree = "<group>";
		};
		D3FF3C3900890BE9007C94A8 /* Frameworks */ = {
			isa = PBXGroup;
			children = (
				7495A9DB1C9262F8005CD95B /* QuartzCore.framework */,
				063979419D7C68BFC0089328 /* libPods-TestKVC_CoreData.a */,
			);
			name = Frameworks;
			sourceTree = "<group>";
		};
/* End PBXGroup section */

/* Begin PBXNativeTarget section */
		A975AA101C799E2C00CACA14 /* TestKVC_CoreData */ = {
			isa = PBXNativeTarget;
			buildConfigurationList = A975AA3E1C799E2C00CACA14 /* Build configuration list for PBXNativeTarget "TestKVC_CoreData" */;
			buildPhases = (
				3388EF30C34616DFA1647E22 /* Check Pods Manifest.lock */,
				A975AA0D1C799E2C00CACA14 /* Sources */,
				A975AA0E1C799E2C00CACA14 /* Frameworks */,
				A975AA0F1C799E2C00CACA14 /* Resources */,
				5E3030536458A6470B501C2D /* Embed Pods Frameworks */,
				437A1A31EE453FFE5DB56F35 /* Copy Pods Resources */,
			);
			buildRules = (
			);
			dependencies = (
			);
			name = TestKVC_CoreData;
			productName = TestKVC_CoreData;
			productReference = A975AA111C799E2C00CACA14 /* TestKVC_CoreData.app */;
			productType = "com.apple.product-type.application";
		};
		A975AA291C799E2C00CACA14 /* TestKVC_CoreDataTests */ = {
			isa = PBXNativeTarget;
			buildConfigurationList = A975AA411C799E2C00CACA14 /* Build configuration list for PBXNativeTarget "TestKVC_CoreDataTests" */;
			buildPhases = (
				A975AA261C799E2C00CACA14 /* Sources */,
				A975AA271C799E2C00CACA14 /* Frameworks */,
				A975AA281C799E2C00CACA14 /* Resources */,
			);
			buildRules = (
			);
			dependencies = (
				A975AA2C1C799E2C00CACA14 /* PBXTargetDependency */,
			);
			name = TestKVC_CoreDataTests;
			productName = TestKVC_CoreDataTests;
			productReference = A975AA2A1C799E2C00CACA14 /* TestKVC_CoreDataTests.xctest */;
			productType = "com.apple.product-type.bundle.unit-test";
		};
		A975AA341C799E2C00CACA14 /* TestKVC_CoreDataUITests */ = {
			isa = PBXNativeTarget;
			buildConfigurationList = A975AA441C799E2C00CACA14 /* Build configuration list for PBXNativeTarget "TestKVC_CoreDataUITests" */;
			buildPhases = (
				A975AA311C799E2C00CACA14 /* Sources */,
				A975AA321C799E2C00CACA14 /* Frameworks */,
				A975AA331C799E2C00CACA14 /* Resources */,
			);
			buildRules = (
			);
			dependencies = (
				A975AA371C799E2C00CACA14 /* PBXTargetDependency */,
			);
			name = TestKVC_CoreDataUITests;
			productName = TestKVC_CoreDataUITests;
			productReference = A975AA351C799E2C00CACA14 /* TestKVC_CoreDataUITests.xctest */;
			productType = "com.apple.product-type.bundle.ui-testing";
		};
/* End PBXNativeTarget section */

/* Begin PBXProject section */
		A975AA091C799E2C00CACA14 /* Project object */ = {
			isa = PBXProject;
			attributes = {
				LastUpgradeCheck = 0720;
				ORGANIZATIONNAME = genglei;
				TargetAttributes = {
					A975AA101C799E2C00CACA14 = {
						CreatedOnToolsVersion = 7.2.1;
						DevelopmentTeam = 4TZ6FQ35UY;
					};
					A975AA291C799E2C00CACA14 = {
						CreatedOnToolsVersion = 7.2.1;
						TestTargetID = A975AA101C799E2C00CACA14;
					};
					A975AA341C799E2C00CACA14 = {
						CreatedOnToolsVersion = 7.2.1;
						TestTargetID = A975AA101C799E2C00CACA14;
					};
				};
			};
			buildConfigurationList = A975AA0C1C799E2C00CACA14 /* Build configuration list for PBXProject "TestKVC_CoreData" */;
			compatibilityVersion = "Xcode 3.2";
			developmentRegion = English;
			hasScannedForEncodings = 0;
			knownRegions = (
				en,
				Base,
			);
			mainGroup = A975AA081C799E2C00CACA14;
			productRefGroup = A975AA121C799E2C00CACA14 /* Products */;
			projectDirPath = "";
			projectRoot = "";
			targets = (
				A975AA101C799E2C00CACA14 /* TestKVC_CoreData */,
				A975AA291C799E2C00CACA14 /* TestKVC_CoreDataTests */,
				A975AA341C799E2C00CACA14 /* TestKVC_CoreDataUITests */,
			);
		};
/* End PBXProject section */

/* Begin PBXResourcesBuildPhase section */
		A975AA0F1C799E2C00CACA14 /* Resources */ = {
			isa = PBXResourcesBuildPhase;
			buildActionMask = 2147483647;
			files = (
				A975AA541C79A5D400CACA14 /* TestKVOViewController.xib in Resources */,
				A975AA561C79A6DD00CACA14 /* ViewController.xib in Resources */,
				A975AA211C799E2C00CACA14 /* image.xcassets in Resources */,
			);
			runOnlyForDeploymentPostprocessing = 0;
		};
		A975AA281C799E2C00CACA14 /* Resources */ = {
			isa = PBXResourcesBuildPhase;
			buildActionMask = 2147483647;
			files = (
			);
			runOnlyForDeploymentPostprocessing = 0;
		};
		A975AA331C799E2C00CACA14 /* Resources */ = {
			isa = PBXResourcesBuildPhase;
			buildActionMask = 2147483647;
			files = (
			);
			runOnlyForDeploymentPostprocessing = 0;
		};
/* End PBXResourcesBuildPhase section */

/* Begin PBXShellScriptBuildPhase section */
		3388EF30C34616DFA1647E22 /* Check Pods Manifest.lock */ = {
			isa = PBXShellScriptBuildPhase;
			buildActionMask = 2147483647;
			files = (
			);
			inputPaths = (
			);
			name = "Check Pods Manifest.lock";
			outputPaths = (
			);
			runOnlyForDeploymentPostprocessing = 0;
			shellPath = /bin/sh;
			shellScript = "diff \"${PODS_ROOT}/../Podfile.lock\" \"${PODS_ROOT}/Manifest.lock\" > /dev/null\nif [[ $? != 0 ]] ; then\n    cat << EOM\nerror: The sandbox is not in sync with the Podfile.lock. Run 'pod install' or update your CocoaPods installation.\nEOM\n    exit 1\nfi\n";
			showEnvVarsInLog = 0;
		};
		437A1A31EE453FFE5DB56F35 /* Copy Pods Resources */ = {
			isa = PBXShellScriptBuildPhase;
			buildActionMask = 2147483647;
			files = (
			);
			inputPaths = (
			);
			name = "Copy Pods Resources";
			outputPaths = (
			);
			runOnlyForDeploymentPostprocessing = 0;
			shellPath = /bin/sh;
			shellScript = "\"${SRCROOT}/Pods/Target Support Files/Pods-TestKVC_CoreData/Pods-TestKVC_CoreData-resources.sh\"\n";
			showEnvVarsInLog = 0;
		};
		5E3030536458A6470B501C2D /* Embed Pods Frameworks */ = {
			isa = PBXShellScriptBuildPhase;
			buildActionMask = 2147483647;
			files = (
			);
			inputPaths = (
			);
			name = "Embed Pods Frameworks";
			outputPaths = (
			);
			runOnlyForDeploymentPostprocessing = 0;
			shellPath = /bin/sh;
			shellScript = "\"${SRCROOT}/Pods/Target Support Files/Pods-TestKVC_CoreData/Pods-TestKVC_CoreData-frameworks.sh\"\n";
			showEnvVarsInLog = 0;
		};
/* End PBXShellScriptBuildPhase section */

/* Begin PBXSourcesBuildPhase section */
		A975AA0D1C799E2C00CACA14 /* Sources */ = {
			isa = PBXSourcesBuildPhase;
			buildActionMask = 2147483647;
			files = (
				749025011C858EA800DDE102 /* TestThreadViewController.m in Sources */,
				A975AA1C1C799E2C00CACA14 /* ViewController.m in Sources */,
				A975AA191C799E2C00CACA14 /* AppDelegate.m in Sources */,
				748C19441CA1281B0003D172 /* TransitionsViewController.m in Sources */,
				748C19471CA12C290003D172 /* ModelViewController.m in Sources */,
				A975AA591C79AE4D00CACA14 /* PersonJob.m in Sources */,
				A975AA491C79A16B00CACA14 /* TestPerson.m in Sources */,
				746ACDD41C7FE92500803FF9 /* PropeScroViewViewController.m in Sources */,
				74B85CDE1C86C9F100CEF778 /* CornerRadiusTableViewCell.m in Sources */,
				7495A9DA1C925E6D005CD95B /* CoreAnimationViewController.m in Sources */,
				A975AA5C1C79B14600CACA14 /* PersonObServer.m in Sources */,
				A975AA5F1C79B51A00CACA14 /* TestColor.m in Sources */,
				74B85CDB1C86C93000CEF778 /* CornerRadiusViewController.m in Sources */,
				A975AA161C799E2C00CACA14 /* main.m in Sources */,
				A94BAFD71C829A0C00FC7D4D /* StudyViewController.m in Sources */,
				A975AA4C1C79A32100CACA14 /* TestKVOViewController.m in Sources */,
				748C194A1CA1315D0003D172 /* TransitionModel.m in Sources */,
				746ACDD71C7FFA4800803FF9 /* PropeTableViewViewController.m in Sources */,
			);
			runOnlyForDeploymentPostprocessing = 0;
		};
		A975AA261C799E2C00CACA14 /* Sources */ = {
			isa = PBXSourcesBuildPhase;
			buildActionMask = 2147483647;
			files = (
				A975AA2F1C799E2C00CACA14 /* TestKVC_CoreDataTests.m in Sources */,
			);
			runOnlyForDeploymentPostprocessing = 0;
		};
		A975AA311C799E2C00CACA14 /* Sources */ = {
			isa = PBXSourcesBuildPhase;
			buildActionMask = 2147483647;
			files = (
				A975AA3A1C799E2C00CACA14 /* TestKVC_CoreDataUITests.m in Sources */,
			);
			runOnlyForDeploymentPostprocessing = 0;
		};
/* End PBXSourcesBuildPhase section */

/* Begin PBXTargetDependency section */
		A975AA2C1C799E2C00CACA14 /* PBXTargetDependency */ = {
			isa = PBXTargetDependency;
			target = A975AA101C799E2C00CACA14 /* TestKVC_CoreData */;
			targetProxy = A975AA2B1C799E2C00CACA14 /* PBXContainerItemProxy */;
		};
		A975AA371C799E2C00CACA14 /* PBXTargetDependency */ = {
			isa = PBXTargetDependency;
			target = A975AA101C799E2C00CACA14 /* TestKVC_CoreData */;
			targetProxy = A975AA361C799E2C00CACA14 /* PBXContainerItemProxy */;
		};
/* End PBXTargetDependency section */

/* Begin XCBuildConfiguration section */
		A975AA3C1C799E2C00CACA14 /* Debug */ = {
			isa = XCBuildConfiguration;
			buildSettings = {
				ALWAYS_SEARCH_USER_PATHS = NO;
				CLANG_CXX_LANGUAGE_STANDARD = "gnu++0x";
				CLANG_CXX_LIBRARY = "libc++";
				CLANG_ENABLE_MODULES = YES;
				CLANG_ENABLE_OBJC_ARC = YES;
				CLANG_WARN_BOOL_CONVERSION = YES;
				CLANG_WARN_CONSTANT_CONVERSION = YES;
				CLANG_WARN_DIRECT_OBJC_ISA_USAGE = YES_ERROR;
				CLANG_WARN_EMPTY_BODY = YES;
				CLANG_WARN_ENUM_CONVERSION = YES;
				CLANG_WARN_INT_CONVERSION = YES;
				CLANG_WARN_OBJC_ROOT_CLASS = YES_ERROR;
				CLANG_WARN_UNREACHABLE_CODE = YES;
				CLANG_WARN__DUPLICATE_METHOD_MATCH = YES;
				"CODE_SIGN_IDENTITY[sdk=iphoneos*]" = "iPhone Developer";
				COPY_PHASE_STRIP = NO;
				DEBUG_INFORMATION_FORMAT = dwarf;
				ENABLE_STRICT_OBJC_MSGSEND = YES;
				ENABLE_TESTABILITY = YES;
				GCC_C_LANGUAGE_STANDARD = gnu99;
				GCC_DYNAMIC_NO_PIC = NO;
				GCC_NO_COMMON_BLOCKS = YES;
				GCC_OPTIMIZATION_LEVEL = 0;
				GCC_PREPROCESSOR_DEFINITIONS = (
					"DEBUG=1",
					"$(inherited)",
				);
				GCC_WARN_64_TO_32_BIT_CONVERSION = YES;
				GCC_WARN_ABOUT_RETURN_TYPE = YES_ERROR;
				GCC_WARN_UNDECLARED_SELECTOR = YES;
				GCC_WARN_UNINITIALIZED_AUTOS = YES_AGGRESSIVE;
				GCC_WARN_UNUSED_FUNCTION = YES;
				GCC_WARN_UNUSED_VARIABLE = YES;
				IPHONEOS_DEPLOYMENT_TARGET = 9.2;
				MTL_ENABLE_DEBUG_INFO = YES;
				ONLY_ACTIVE_ARCH = YES;
				SDKROOT = iphoneos;
			};
			name = Debug;
		};
		A975AA3D1C799E2C00CACA14 /* Release */ = {
			isa = XCBuildConfiguration;
			buildSettings = {
				ALWAYS_SEARCH_USER_PATHS = NO;
				CLANG_CXX_LANGUAGE_STANDARD = "gnu++0x";
				CLANG_CXX_LIBRARY = "libc++";
				CLANG_ENABLE_MODULES = YES;
				CLANG_ENABLE_OBJC_ARC = YES;
				CLANG_WARN_BOOL_CONVERSION = YES;
				CLANG_WARN_CONSTANT_CONVERSION = YES;
				CLANG_WARN_DIRECT_OBJC_ISA_USAGE = YES_ERROR;
				CLANG_WARN_EMPTY_BODY = YES;
				CLANG_WARN_ENUM_CONVERSION = YES;
				CLANG_WARN_INT_CONVERSION = YES;
				CLANG_WARN_OBJC_ROOT_CLASS = YES_ERROR;
				CLANG_WARN_UNREACHABLE_CODE = YES;
				CLANG_WARN__DUPLICATE_METHOD_MATCH = YES;
				"CODE_SIGN_IDENTITY[sdk=iphoneos*]" = "iPhone Developer";
				COPY_PHASE_STRIP = NO;
				DEBUG_INFORMATION_FORMAT = "dwarf-with-dsym";
				ENABLE_NS_ASSERTIONS = NO;
				ENABLE_STRICT_OBJC_MSGSEND = YES;
				GCC_C_LANGUAGE_STANDARD = gnu99;
				GCC_NO_COMMON_BLOCKS = YES;
				GCC_WARN_64_TO_32_BIT_CONVERSION = YES;
				GCC_WARN_ABOUT_RETURN_TYPE = YES_ERROR;
				GCC_WARN_UNDECLARED_SELECTOR = YES;
				GCC_WARN_UNINITIALIZED_AUTOS = YES_AGGRESSIVE;
				GCC_WARN_UNUSED_FUNCTION = YES;
				GCC_WARN_UNUSED_VARIABLE = YES;
				IPHONEOS_DEPLOYMENT_TARGET = 9.2;
				MTL_ENABLE_DEBUG_INFO = NO;
				SDKROOT = iphoneos;
				VALIDATE_PRODUCT = YES;
			};
			name = Release;
		};
		A975AA3F1C799E2C00CACA14 /* Debug */ = {
			isa = XCBuildConfiguration;
			baseConfigurationReference = 67E672119099E08C054FE353 /* Pods-TestKVC_CoreData.debug.xcconfig */;
			buildSettings = {
				ASSETCATALOG_COMPILER_APPICON_NAME = AppIcon;
				CODE_SIGN_IDENTITY = "iPhone Developer";
				INFOPLIST_FILE = TestKVC_CoreData/Info.plist;
				LD_RUNPATH_SEARCH_PATHS = "$(inherited) @executable_path/Frameworks";
				PRODUCT_BUNDLE_IDENTIFIER = com.fengche.com;
				PRODUCT_NAME = "$(TARGET_NAME)";
			};
			name = Debug;
		};
		A975AA401C799E2C00CACA14 /* Release */ = {
			isa = XCBuildConfiguration;
			baseConfigurationReference = 93EBAFA40ACBDEAB5954E606 /* Pods-TestKVC_CoreData.release.xcconfig */;
			buildSettings = {
				ASSETCATALOG_COMPILER_APPICON_NAME = AppIcon;
				CODE_SIGN_IDENTITY = "iPhone Developer";
				INFOPLIST_FILE = TestKVC_CoreData/Info.plist;
				LD_RUNPATH_SEARCH_PATHS = "$(inherited) @executable_path/Frameworks";
				PRODUCT_BUNDLE_IDENTIFIER = com.fengche.com;
				PRODUCT_NAME = "$(TARGET_NAME)";
			};
			name = Release;
		};
		A975AA421C799E2C00CACA14 /* Debug */ = {
			isa = XCBuildConfiguration;
			buildSettings = {
				BUNDLE_LOADER = "$(TEST_HOST)";
				INFOPLIST_FILE = TestKVC_CoreDataTests/Info.plist;
				LD_RUNPATH_SEARCH_PATHS = "$(inherited) @executable_path/Frameworks @loader_path/Frameworks";
				PRODUCT_BUNDLE_IDENTIFIER = "fengche.com.TestKVC-CoreDataTests";
				PRODUCT_NAME = "$(TARGET_NAME)";
				TEST_HOST = "$(BUILT_PRODUCTS_DIR)/TestKVC_CoreData.app/TestKVC_CoreData";
			};
			name = Debug;
		};
		A975AA431C799E2C00CACA14 /* Release */ = {
			isa = XCBuildConfiguration;
			buildSettings = {
				BUNDLE_LOADER = "$(TEST_HOST)";
				INFOPLIST_FILE = TestKVC_CoreDataTests/Info.plist;
				LD_RUNPATH_SEARCH_PATHS = "$(inherited) @executable_path/Frameworks @loader_path/Frameworks";
				PRODUCT_BUNDLE_IDENTIFIER = "fengche.com.TestKVC-CoreDataTests";
				PRODUCT_NAME = "$(TARGET_NAME)";
				TEST_HOST = "$(BUILT_PRODUCTS_DIR)/TestKVC_CoreData.app/TestKVC_CoreData";
			};
			name = Release;
		};
		A975AA451C799E2C00CACA14 /* Debug */ = {
			isa = XCBuildConfiguration;
			buildSettings = {
				INFOPLIST_FILE = TestKVC_CoreDataUITests/Info.plist;
				LD_RUNPATH_SEARCH_PATHS = "$(inherited) @executable_path/Frameworks @loader_path/Frameworks";
				PRODUCT_BUNDLE_IDENTIFIER = "fengche.com.TestKVC-CoreDataUITests";
				PRODUCT_NAME = "$(TARGET_NAME)";
				TEST_TARGET_NAME = TestKVC_CoreData;
				USES_XCTRUNNER = YES;
			};
			name = Debug;
		};
		A975AA461C799E2C00CACA14 /* Release */ = {
			isa = XCBuildConfiguration;
			buildSettings = {
				INFOPLIST_FILE = TestKVC_CoreDataUITests/Info.plist;
				LD_RUNPATH_SEARCH_PATHS = "$(inherited) @executable_path/Frameworks @loader_path/Frameworks";
				PRODUCT_BUNDLE_IDENTIFIER = "fengche.com.TestKVC-CoreDataUITests";
				PRODUCT_NAME = "$(TARGET_NAME)";
				TEST_TARGET_NAME = TestKVC_CoreData;
				USES_XCTRUNNER = YES;
			};
			name = Release;
		};
/* End XCBuildConfiguration section */

/* Begin XCConfigurationList section */
		A975AA0C1C799E2C00CACA14 /* Build configuration list for PBXProject "TestKVC_CoreData" */ = {
			isa = XCConfigurationList;
			buildConfigurations = (
				A975AA3C1C799E2C00CACA14 /* Debug */,
				A975AA3D1C799E2C00CACA14 /* Release */,
			);
			defaultConfigurationIsVisible = 0;
			defaultConfigurationName = Release;
		};
		A975AA3E1C799E2C00CACA14 /* Build configuration list for PBXNativeTarget "TestKVC_CoreData" */ = {
			isa = XCConfigurationList;
			buildConfigurations = (
				A975AA3F1C799E2C00CACA14 /* Debug */,
				A975AA401C799E2C00CACA14 /* Release */,
			);
			defaultConfigurationIsVisible = 0;
			defaultConfigurationName = Release;
		};
		A975AA411C799E2C00CACA14 /* Build configuration list for PBXNativeTarget "TestKVC_CoreDataTests" */ = {
			isa = XCConfigurationList;
			buildConfigurations = (
				A975AA421C799E2C00CACA14 /* Debug */,
				A975AA431C799E2C00CACA14 /* Release */,
			);
			defaultConfigurationIsVisible = 0;
			defaultConfigurationName = Release;
		};
		A975AA441C799E2C00CACA14 /* Build configuration list for PBXNativeTarget "TestKVC_CoreDataUITests" */ = {
			isa = XCConfigurationList;
			buildConfigurations = (
				A975AA451C799E2C00CACA14 /* Debug */,
				A975AA461C799E2C00CACA14 /* Release */,
			);
			defaultConfigurationIsVisible = 0;
			defaultConfigurationName = Release;
		};
/* End XCConfigurationList section */
	};
	rootObject = A975AA091C799E2C00CACA14 /* Project object */;
}
